// !$*UTF8*$!
{
	archiveVersion = 1;
	classes = {
	};
	objectVersion = 46;
	objects = {

/* Begin PBXBuildFile section */
		84D8B54A1D767EB400752B56 /* pili_librtmp.h in CopyFiles */ = {isa = PBXBuildFile; fileRef = 84D8B5491D767EB400752B56 /* pili_librtmp.h */; };
		84D8B54C1D767EB400752B56 /* pili_librtmp.m in Sources */ = {isa = PBXBuildFile; fileRef = 84D8B54B1D767EB400752B56 /* pili_librtmp.m */; };
/* End PBXBuildFile section */

/* Begin PBXCopyFilesBuildPhase section */
		84D8B5441D767EB400752B56 /* CopyFiles */ = {
			isa = PBXCopyFilesBuildPhase;
			buildActionMask = 2147483647;
			dstPath = "include/$(PRODUCT_NAME)";
			dstSubfolderSpec = 16;
			files = (
				84D8B54A1D767EB400752B56 /* pili_librtmp.h in CopyFiles */,
			);
			runOnlyForDeploymentPostprocessing = 0;
		};
/* End PBXCopyFilesBuildPhase section */

/* Begin PBXFileReference section */
		84D8B5461D767EB400752B56 /* libpili-librtmp.a */ = {isa = PBXFileReference; explicitFileType = archive.ar; includeInIndex = 0; path = "libpili-librtmp.a"; sourceTree = BUILT_PRODUCTS_DIR; };
		84D8B5491D767EB400752B56 /* pili_librtmp.h */ = {isa = PBXFileReference; lastKnownFileType = sourcecode.c.h; path = pili_librtmp.h; sourceTree = "<group>"; };
		84D8B54B1D767EB400752B56 /* pili_librtmp.m */ = {isa = PBXFileReference; lastKnownFileType = sourcecode.c.objc; path = pili_librtmp.m; sourceTree = "<group>"; };
/* End PBXFileReference section */

/* Begin PBXFrameworksBuildPhase section */
		84D8B5431D767EB400752B56 /* Frameworks */ = {
			isa = PBXFrameworksBuildPhase;
			buildActionMask = 2147483647;
			files = (
			);
			runOnlyForDeploymentPostprocessing = 0;
		};
/* End PBXFrameworksBuildPhase section */

/* Begin PBXGroup section */
		84D8B53D1D767EB300752B56 = {
			isa = PBXGroup;
			children = (
				84D8B5481D767EB400752B56 /* pili-librtmp */,
				84D8B5471D767EB400752B56 /* Products */,
			);
			sourceTree = "<group>";
		};
		84D8B5471D767EB400752B56 /* Products */ = {
			isa = PBXGroup;
			children = (
				84D8B5461D767EB400752B56 /* libpili-librtmp.a */,
			);
			name = Products;
			sourceTree = "<group>";
		};
		84D8B5481D767EB400752B56 /* pili-librtmp */ = {
			isa = PBXGroup;
			children = (
				84D8B5491D767EB400752B56 /* pili_librtmp.h */,
				84D8B54B1D767EB400752B56 /* pili_librtmp.m */,
			);
			path = "pili-librtmp";
			sourceTree = "<group>";
		};
/* End PBXGroup section */

/* Begin PBXNativeTarget section */
		84D8B5451D767EB400752B56 /* pili-librtmp */ = {
			isa = PBXNativeTarget;
			buildConfigurationList = 84D8B54F1D767EB400752B56 /* Build configuration list for PBXNativeTarget "pili-librtmp" */;
			buildPhases = (
				84D8B5421D767EB400752B56 /* Sources */,
				84D8B5431D767EB400752B56 /* Frameworks */,
				84D8B5441D767EB400752B56 /* CopyFiles */,
			);
			buildRules = (
			);
			dependencies = (
			);
			name = "pili-librtmp";
			productName = "pili-librtmp";
			productReference = 84D8B5461D767EB400752B56 /* libpili-librtmp.a */;
			productType = "com.apple.product-type.library.static";
		};
/* End PBXNativeTarget section */

/* Begin PBXProject section */
		84D8B53E1D767EB300752B56 /* Project object */ = {
			isa = PBXProject;
			attributes = {
				LastUpgradeCheck = 0730;
				ORGANIZATIONNAME = admin;
				TargetAttributes = {
					84D8B5451D767EB400752B56 = {
						CreatedOnToolsVersion = 7.3.1;
					};
				};
			};
			buildConfigurationList = 84D8B5411D767EB300752B56 /* Build configuration list for PBXProject "pili-librtmp" */;
			compatibilityVersion = "Xcode 3.2";
			developmentRegion = English;
			hasScannedForEncodings = 0;
			knownRegions = (
				en,
			);
			mainGroup = 84D8B53D1D767EB300752B56;
			productRefGroup = 84D8B5471D767EB400752B56 /* Products */;
			projectDirPath = "";
			projectRoot = "";
			targets = (
				84D8B5451D767EB400752B56 /* pili-librtmp */,
			);
		};
/* End PBXProject section */

/* Begin PBXSourcesBuildPhase section */
		84D8B5421D767EB400752B56 /* Sources */ = {
			isa = PBXSourcesBuildPhase;
			buildActionMask = 2147483647;
			files = (
				84D8B54C1D767EB400752B56 /* pili_librtmp.m in Sources */,
			);
			runOnlyForDeploymentPostprocessing = 0;
		};
/* End PBXSourcesBuildPhase section */

/* Begin XCBuildConfiguration section */
		84D8B54D1D767EB400752B56 /* Debug */ = {
			isa = XCBuildConfiguration;
			buildSettings = {
				ALWAYS_SEARCH_USER_PATHS = NO;
				CLANG_ANALYZER_NONNULL = YES;
				CLANG_CXX_LANGUAGE_STANDARD = "gnu++0x";
				CLANG_CXX_LIBRARY = "libc++";
				CLANG_ENABLE_MODULES = YES;
				CLANG_ENABLE_OBJC_ARC = YES;
				CLANG_WARN_BOOL_CONVERSION = YES;
				CLANG_WARN_CONSTANT_CONVERSION = YES;
				CLANG_WARN_DIRECT_OBJC_ISA_USAGE = YES_ERROR;
				CLANG_WARN_EMPTY_BODY = YES;
				CLANG_WARN_ENUM_CONVERSION = YES;
				CLANG_WARN_INT_CONVERSION = YES;
				CLANG_WARN_OBJC_ROOT_CLASS = YES_ERROR;
				CLANG_WARN_UNREACHABLE_CODE = YES;
				CLANG_WARN__DUPLICATE_METHOD_MATCH = YES;
				"CODE_SIGN_IDENTITY[sdk=iphoneos*]" = "iPhone Developer";
				COPY_PHASE_STRIP = NO;
				DEBUG_INFORMATION_FORMAT = dwarf;
				ENABLE_STRICT_OBJC_MSGSEND = YES;
				ENABLE_TESTABILITY = YES;
				GCC_C_LANGUAGE_STANDARD = gnu99;
				GCC_DYNAMIC_NO_PIC = NO;
				GCC_NO_COMMON_BLOCKS = YES;
				GCC_OPTIMIZATION_LEVEL = 0;
				GCC_PREPROCESSOR_DEFINITIONS = (
					"DEBUG=1",
					"$(inherited)",
				);
				GCC_WARN_64_TO_32_BIT_CONVERSION = YES;
				GCC_WARN_ABOUT_RETURN_TYPE = YES_ERROR;
				GCC_WARN_UNDECLARED_SELECTOR = YES;
				GCC_WARN_UNINITIALIZED_AUTOS = YES_AGGRESSIVE;
				GCC_WARN_UNUSED_FUNCTION = YES;
				GCC_WARN_UNUSED_VARIABLE = YES;
				IPHONEOS_DEPLOYMENT_TARGET = 9.3;
				MTL_ENABLE_DEBUG_INFO = YES;
				ONLY_ACTIVE_ARCH = YES;
				SDKROOT = iphoneos;
			};
			name = Debug;
		};
		84D8B54E1D767EB400752B56 /* Release */ = {
			isa = XCBuildConfiguration;
			buildSettings = {
				ALWAYS_SEARCH_USER_PATHS = NO;
				CLANG_ANALYZER_NONNULL = YES;
				CLANG_CXX_LANGUAGE_STANDARD = "gnu++0x";
				CLANG_CXX_LIBRARY = "libc++";
				CLANG_ENABLE_MODULES = YES;
				CLANG_ENABLE_OBJC_ARC = YES;
				CLANG_WARN_BOOL_CONVERSION = YES;
				CLANG_WARN_CONSTANT_CONVERSION = YES;
				CLANG_WARN_DIRECT_OBJC_ISA_USAGE = YES_ERROR;
				CLANG_WARN_EMPTY_BODY = YES;
				CLANG_WARN_ENUM_CONVERSION = YES;
				CLANG_WARN_INT_CONVERSION = YES;
				CLANG_WARN_OBJC_ROOT_CLASS = YES_ERROR;
				CLANG_WARN_UNREACHABLE_CODE = YES;
				CLANG_WARN__DUPLICATE_METHOD_MATCH = YES;
				"CODE_SIGN_IDENTITY[sdk=iphoneos*]" = "iPhone Developer";
				COPY_PHASE_STRIP = NO;
				DEBUG_INFORMATION_FORMAT = "dwarf-with-dsym";
				ENABLE_NS_ASSERTIONS = NO;
				ENABLE_STRICT_OBJC_MSGSEND = YES;
				GCC_C_LANGUAGE_STANDARD = gnu99;
				GCC_NO_COMMON_BLOCKS = YES;
				GCC_WARN_64_TO_32_BIT_CONVERSION = YES;
				GCC_WARN_ABOUT_RETURN_TYPE = YES_ERROR;
				GCC_WARN_UNDECLARED_SELECTOR = YES;
				GCC_WARN_UNINITIALIZED_AUTOS = YES_AGGRESSIVE;
				GCC_WARN_UNUSED_FUNCTION = YES;
				GCC_WARN_UNUSED_VARIABLE = YES;
				IPHONEOS_DEPLOYMENT_TARGET = 9.3;
				MTL_ENABLE_DEBUG_INFO = NO;
				SDKROOT = iphoneos;
				VALIDATE_PRODUCT = YES;
			};
			name = Release;
		};
		84D8B5501D767EB400752B56 /* Debug */ = {
			isa = XCBuildConfiguration;
			buildSettings = {
				OTHER_LDFLAGS = "-ObjC";
				PRODUCT_NAME = "$(TARGET_NAME)";
				SKIP_INSTALL = YES;
			};
			name = Debug;
		};
		84D8B5511D767EB400752B56 /* Release */ = {
			isa = XCBuildConfiguration;
			buildSettings = {
				OTHER_LDFLAGS = "-ObjC";
				PRODUCT_NAME = "$(TARGET_NAME)";
				SKIP_INSTALL = YES;
			};
			name = Release;
		};
/* End XCBuildConfiguration section */

/* Begin XCConfigurationList section */
		84D8B5411D767EB300752B56 /* Build configuration list for PBXProject "pili-librtmp" */ = {
			isa = XCConfigurationList;
			buildConfigurations = (
				84D8B54D1D767EB400752B56 /* Debug */,
				84D8B54E1D767EB400752B56 /* Release */,
			);
			defaultConfigurationIsVisible = 0;
			defaultConfigurationName = Release;
		};
		84D8B54F1D767EB400752B56 /* Build configuration list for PBXNativeTarget "pili-librtmp" */ = {
			isa = XCConfigurationList;
			buildConfigurations = (
				84D8B5501D767EB400752B56 /* Debug */,
				84D8B5511D767EB400752B56 /* Release */,
			);
			defaultConfigurationIsVisible = 0;
		};
/* End XCConfigurationList section */
	};
	rootObject = 84D8B53E1D767EB300752B56 /* Project object */;
}
