// !$*UTF8*$!
{
	archiveVersion = 1;
	classes = {
	};
	objectVersion = 46;
	objects = {

/* Begin PBXBuildFile section */
		84D8B48C1D757D4000752B56 /* AppDelegate.swift in Sources */ = {isa = PBXBuildFile; fileRef = 84D8B48B1D757D4000752B56 /* AppDelegate.swift */; };
		84D8B48E1D757D4000752B56 /* ViewController.swift in Sources */ = {isa = PBXBuildFile; fileRef = 84D8B48D1D757D4000752B56 /* ViewController.swift */; };
		84D8B4911D757D4000752B56 /* Main.storyboard in Resources */ = {isa = PBXBuildFile; fileRef = 84D8B48F1D757D4000752B56 /* Main.storyboard */; };
		84D8B4931D757D4000752B56 /* Assets.xcassets in Resources */ = {isa = PBXBuildFile; fileRef = 84D8B4921D757D4000752B56 /* Assets.xcassets */; };
		84D8B4961D757D4000752B56 /* LaunchScreen.storyboard in Resources */ = {isa = PBXBuildFile; fileRef = 84D8B4941D757D4000752B56 /* LaunchScreen.storyboard */; };
		84D8B4AC1D757DBB00752B56 /* camra_beauty@2x.png in Resources */ = {isa = PBXBuildFile; fileRef = 84D8B4A41D757DBB00752B56 /* camra_beauty@2x.png */; };
		84D8B4AD1D757DBB00752B56 /* camra_beauty@3x.png in Resources */ = {isa = PBXBuildFile; fileRef = 84D8B4A51D757DBB00752B56 /* camra_beauty@3x.png */; };
		84D8B4AE1D757DBB00752B56 /* camra_beauty_close@2x.png in Resources */ = {isa = PBXBuildFile; fileRef = 84D8B4A61D757DBB00752B56 /* camra_beauty_close@2x.png */; };
		84D8B4AF1D757DBB00752B56 /* camra_beauty_close@3x.png in Resources */ = {isa = PBXBuildFile; fileRef = 84D8B4A71D757DBB00752B56 /* camra_beauty_close@3x.png */; };
		84D8B4B01D757DBB00752B56 /* camra_preview@2x.png in Resources */ = {isa = PBXBuildFile; fileRef = 84D8B4A81D757DBB00752B56 /* camra_preview@2x.png */; };
		84D8B4B11D757DBB00752B56 /* camra_preview@3x.png in Resources */ = {isa = PBXBuildFile; fileRef = 84D8B4A91D757DBB00752B56 /* camra_preview@3x.png */; };
		84D8B4B21D757DBB00752B56 /* close_preview@2x.png in Resources */ = {isa = PBXBuildFile; fileRef = 84D8B4AA1D757DBB00752B56 /* close_preview@2x.png */; };
		84D8B4B31D757DBB00752B56 /* close_preview@3x.png in Resources */ = {isa = PBXBuildFile; fileRef = 84D8B4AB1D757DBB00752B56 /* close_preview@3x.png */; };
		84D8B4B71D757DE600752B56 /* LFLiveKit.framework in Frameworks */ = {isa = PBXBuildFile; fileRef = 84D8B4A21D757D4B00752B56 /* LFLiveKit.framework */; };
		84D8B4BA1D757DED00752B56 /* GPUImage.framework in Frameworks */ = {isa = PBXBuildFile; fileRef = 84D8B4B81D757DED00752B56 /* GPUImage.framework */; };
		84D8B4BB1D757DED00752B56 /* pili_librtmp.framework in Frameworks */ = {isa = PBXBuildFile; fileRef = 84D8B4B91D757DED00752B56 /* pili_librtmp.framework */; };
		84D8B4BD1D757E0E00752B56 /* libstdc++.tbd in Frameworks */ = {isa = PBXBuildFile; fileRef = 84D8B4BC1D757E0E00752B56 /* libstdc++.tbd */; };
/* End PBXBuildFile section */

/* Begin PBXContainerItemProxy section */
		84D8B4A11D757D4B00752B56 /* PBXContainerItemProxy */ = {
			isa = PBXContainerItemProxy;
			containerPortal = 84D8B49D1D757D4B00752B56 /* LFLiveKit.xcodeproj */;
			proxyType = 2;
			remoteGlobalIDString = 84D8B3901D7574D600752B56;
			remoteInfo = LFLiveKit;
		};
		84D8B4B51D757DDC00752B56 /* PBXContainerItemProxy */ = {
			isa = PBXContainerItemProxy;
			containerPortal = 84D8B49D1D757D4B00752B56 /* LFLiveKit.xcodeproj */;
			proxyType = 1;
			remoteGlobalIDString = 84D8B38F1D7574D600752B56;
			remoteInfo = LFLiveKit;
		};
/* End PBXContainerItemProxy section */

/* Begin PBXFileReference section */
		84D8B4881D757D4000752B56 /* LFLiveKitSwiftDemo.app */ = {isa = PBXFileReference; explicitFileType = wrapper.application; includeInIndex = 0; path = LFLiveKitSwiftDemo.app; sourceTree = BUILT_PRODUCTS_DIR; };
		84D8B48B1D757D4000752B56 /* AppDelegate.swift */ = {isa = PBXFileReference; lastKnownFileType = sourcecode.swift; path = AppDelegate.swift; sourceTree = "<group>"; };
		84D8B48D1D757D4000752B56 /* ViewController.swift */ = {isa = PBXFileReference; lastKnownFileType = sourcecode.swift; path = ViewController.swift; sourceTree = "<group>"; };
		84D8B4901D757D4000752B56 /* Base */ = {isa = PBXFileReference; lastKnownFileType = file.storyboard; name = Base; path = Base.lproj/Main.storyboard; sourceTree = "<group>"; };
		84D8B4921D757D4000752B56 /* Assets.xcassets */ = {isa = PBXFileReference; lastKnownFileType = folder.assetcatalog; path = Assets.xcassets; sourceTree = "<group>"; };
		84D8B4951D757D4000752B56 /* Base */ = {isa = PBXFileReference; lastKnownFileType = file.storyboard; name = Base; path = Base.lproj/LaunchScreen.storyboard; sourceTree = "<group>"; };
		84D8B4971D757D4000752B56 /* Info.plist */ = {isa = PBXFileReference; lastKnownFileType = text.plist.xml; path = Info.plist; sourceTree = "<group>"; };
		84D8B49D1D757D4B00752B56 /* LFLiveKit.xcodeproj */ = {isa = PBXFileReference; lastKnownFileType = "wrapper.pb-project"; name = LFLiveKit.xcodeproj; path = ../LFLiveKit/LFLiveKit.xcodeproj; sourceTree = "<group>"; };
		84D8B4A41D757DBB00752B56 /* camra_beauty@2x.png */ = {isa = PBXFileReference; lastKnownFileType = image.png; path = "camra_beauty@2x.png"; sourceTree = "<group>"; };
		84D8B4A51D757DBB00752B56 /* camra_beauty@3x.png */ = {isa = PBXFileReference; lastKnownFileType = image.png; path = "camra_beauty@3x.png"; sourceTree = "<group>"; };
		84D8B4A61D757DBB00752B56 /* camra_beauty_close@2x.png */ = {isa = PBXFileReference; lastKnownFileType = image.png; path = "camra_beauty_close@2x.png"; sourceTree = "<group>"; };
		84D8B4A71D757DBB00752B56 /* camra_beauty_close@3x.png */ = {isa = PBXFileReference; lastKnownFileType = image.png; path = "camra_beauty_close@3x.png"; sourceTree = "<group>"; };
		84D8B4A81D757DBB00752B56 /* camra_preview@2x.png */ = {isa = PBXFileReference; lastKnownFileType = image.png; path = "camra_preview@2x.png"; sourceTree = "<group>"; };
		84D8B4A91D757DBB00752B56 /* camra_preview@3x.png */ = {isa = PBXFileReference; lastKnownFileType = image.png; path = "camra_preview@3x.png"; sourceTree = "<group>"; };
		84D8B4AA1D757DBB00752B56 /* close_preview@2x.png */ = {isa = PBXFileReference; lastKnownFileType = image.png; path = "close_preview@2x.png"; sourceTree = "<group>"; };
		84D8B4AB1D757DBB00752B56 /* close_preview@3x.png */ = {isa = PBXFileReference; lastKnownFileType = image.png; path = "close_preview@3x.png"; sourceTree = "<group>"; };
		84D8B4B41D757DCC00752B56 /* LFLiveKitSwiftDemo-Bridging-Header.h */ = {isa = PBXFileReference; fileEncoding = 4; lastKnownFileType = sourcecode.c.h; path = "LFLiveKitSwiftDemo-Bridging-Header.h"; sourceTree = "<group>"; };
		84D8B4B81D757DED00752B56 /* GPUImage.framework */ = {isa = PBXFileReference; lastKnownFileType = wrapper.framework; name = GPUImage.framework; path = ../Vendor/GPUImage.framework; sourceTree = "<group>"; };
		84D8B4B91D757DED00752B56 /* pili_librtmp.framework */ = {isa = PBXFileReference; lastKnownFileType = wrapper.framework; name = pili_librtmp.framework; path = ../Vendor/pili_librtmp.framework; sourceTree = "<group>"; };
		84D8B4BC1D757E0E00752B56 /* libstdc++.tbd */ = {isa = PBXFileReference; lastKnownFileType = "sourcecode.text-based-dylib-definition"; name = "libstdc++.tbd"; path = "usr/lib/libstdc++.tbd"; sourceTree = SDKROOT; };
/* End PBXFileReference section */

/* Begin PBXFrameworksBuildPhase section */
		84D8B4851D757D4000752B56 /* Frameworks */ = {
			isa = PBXFrameworksBuildPhase;
			buildActionMask = 2147483647;
			files = (
				84D8B4BD1D757E0E00752B56 /* libstdc++.tbd in Frameworks */,
				84D8B4BA1D757DED00752B56 /* GPUImage.framework in Frameworks */,
				84D8B4BB1D757DED00752B56 /* pili_librtmp.framework in Frameworks */,
				84D8B4B71D757DE600752B56 /* LFLiveKit.framework in Frameworks */,
			);
			runOnlyForDeploymentPostprocessing = 0;
		};
/* End PBXFrameworksBuildPhase section */

/* Begin PBXGroup section */
		84D8B47F1D757D4000752B56 = {
			isa = PBXGroup;
			children = (
				84D8B4BC1D757E0E00752B56 /* libstdc++.tbd */,
				84D8B4B81D757DED00752B56 /* GPUImage.framework */,
				84D8B4B91D757DED00752B56 /* pili_librtmp.framework */,
				84D8B49D1D757D4B00752B56 /* LFLiveKit.xcodeproj */,
				84D8B48A1D757D4000752B56 /* LFLiveKitSwiftDemo */,
				84D8B4891D757D4000752B56 /* Products */,
			);
			sourceTree = "<group>";
		};
		84D8B4891D757D4000752B56 /* Products */ = {
			isa = PBXGroup;
			children = (
				84D8B4881D757D4000752B56 /* LFLiveKitSwiftDemo.app */,
			);
			name = Products;
			sourceTree = "<group>";
		};
		84D8B48A1D757D4000752B56 /* LFLiveKitSwiftDemo */ = {
			isa = PBXGroup;
			children = (
				84D8B48B1D757D4000752B56 /* AppDelegate.swift */,
				84D8B48D1D757D4000752B56 /* ViewController.swift */,
				84D8B4B41D757DCC00752B56 /* LFLiveKitSwiftDemo-Bridging-Header.h */,
				84D8B48F1D757D4000752B56 /* Main.storyboard */,
				84D8B4A31D757DBB00752B56 /* images */,
				84D8B4921D757D4000752B56 /* Assets.xcassets */,
				84D8B4941D757D4000752B56 /* LaunchScreen.storyboard */,
				84D8B4971D757D4000752B56 /* Info.plist */,
			);
			path = LFLiveKitSwiftDemo;
			sourceTree = "<group>";
		};
		84D8B49E1D757D4B00752B56 /* Products */ = {
			isa = PBXGroup;
			children = (
				84D8B4A21D757D4B00752B56 /* LFLiveKit.framework */,
			);
			name = Products;
			sourceTree = "<group>";
		};
		84D8B4A31D757DBB00752B56 /* images */ = {
			isa = PBXGroup;
			children = (
				84D8B4A41D757DBB00752B56 /* camra_beauty@2x.png */,
				84D8B4A51D757DBB00752B56 /* camra_beauty@3x.png */,
				84D8B4A61D757DBB00752B56 /* camra_beauty_close@2x.png */,
				84D8B4A71D757DBB00752B56 /* camra_beauty_close@3x.png */,
				84D8B4A81D757DBB00752B56 /* camra_preview@2x.png */,
				84D8B4A91D757DBB00752B56 /* camra_preview@3x.png */,
				84D8B4AA1D757DBB00752B56 /* close_preview@2x.png */,
				84D8B4AB1D757DBB00752B56 /* close_preview@3x.png */,
			);
			path = images;
			sourceTree = "<group>";
		};
/* End PBXGroup section */

/* Begin PBXNativeTarget section */
		84D8B4871D757D4000752B56 /* LFLiveKitSwiftDemo */ = {
			isa = PBXNativeTarget;
			buildConfigurationList = 84D8B49A1D757D4000752B56 /* Build configuration list for PBXNativeTarget "LFLiveKitSwiftDemo" */;
			buildPhases = (
				84D8B4841D757D4000752B56 /* Sources */,
				84D8B4851D757D4000752B56 /* Frameworks */,
				84D8B4861D757D4000752B56 /* Resources */,
			);
			buildRules = (
			);
			dependencies = (
				84D8B4B61D757DDC00752B56 /* PBXTargetDependency */,
			);
			name = LFLiveKitSwiftDemo;
			productName = LFLiveKitSwiftDemo;
			productReference = 84D8B4881D757D4000752B56 /* LFLiveKitSwiftDemo.app */;
			productType = "com.apple.product-type.application";
		};
/* End PBXNativeTarget section */

/* Begin PBXProject section */
		84D8B4801D757D4000752B56 /* Project object */ = {
			isa = PBXProject;
			attributes = {
				LastSwiftUpdateCheck = 0730;
				LastUpgradeCheck = 0730;
				ORGANIZATIONNAME = admin;
				TargetAttributes = {
					84D8B4871D757D4000752B56 = {
						CreatedOnToolsVersion = 7.3.1;
					};
				};
			};
			buildConfigurationList = 84D8B4831D757D4000752B56 /* Build configuration list for PBXProject "LFLiveKitSwiftDemo" */;
			compatibilityVersion = "Xcode 3.2";
			developmentRegion = English;
			hasScannedForEncodings = 0;
			knownRegions = (
				en,
				Base,
			);
			mainGroup = 84D8B47F1D757D4000752B56;
			productRefGroup = 84D8B4891D757D4000752B56 /* Products */;
			projectDirPath = "";
			projectReferences = (
				{
					ProductGroup = 84D8B49E1D757D4B00752B56 /* Products */;
					ProjectRef = 84D8B49D1D757D4B00752B56 /* LFLiveKit.xcodeproj */;
				},
			);
			projectRoot = "";
			targets = (
				84D8B4871D757D4000752B56 /* LFLiveKitSwiftDemo */,
			);
		};
/* End PBXProject section */

/* Begin PBXReferenceProxy section */
		84D8B4A21D757D4B00752B56 /* LFLiveKit.framework */ = {
			isa = PBXReferenceProxy;
			fileType = wrapper.framework;
			path = LFLiveKit.framework;
			remoteRef = 84D8B4A11D757D4B00752B56 /* PBXContainerItemProxy */;
			sourceTree = BUILT_PRODUCTS_DIR;
		};
/* End PBXReferenceProxy section */

/* Begin PBXResourcesBuildPhase section */
		84D8B4861D757D4000752B56 /* Resources */ = {
			isa = PBXResourcesBuildPhase;
			buildActionMask = 2147483647;
			files = (
				84D8B4AE1D757DBB00752B56 /* camra_beauty_close@2x.png in Resources */,
				84D8B4961D757D4000752B56 /* LaunchScreen.storyboard in Resources */,
				84D8B4AC1D757DBB00752B56 /* camra_beauty@2x.png in Resources */,
				84D8B4931D757D4000752B56 /* Assets.xcassets in Resources */,
				84D8B4B11D757DBB00752B56 /* camra_preview@3x.png in Resources */,
				84D8B4AF1D757DBB00752B56 /* camra_beauty_close@3x.png in Resources */,
				84D8B4B31D757DBB00752B56 /* close_preview@3x.png in Resources */,
				84D8B4B21D757DBB00752B56 /* close_preview@2x.png in Resources */,
				84D8B4911D757D4000752B56 /* Main.storyboard in Resources */,
				84D8B4B01D757DBB00752B56 /* camra_preview@2x.png in Resources */,
				84D8B4AD1D757DBB00752B56 /* camra_beauty@3x.png in Resources */,
			);
			runOnlyForDeploymentPostprocessing = 0;
		};
/* End PBXResourcesBuildPhase section */

/* Begin PBXSourcesBuildPhase section */
		84D8B4841D757D4000752B56 /* Sources */ = {
			isa = PBXSourcesBuildPhase;
			buildActionMask = 2147483647;
			files = (
				84D8B48E1D757D4000752B56 /* ViewController.swift in Sources */,
				84D8B48C1D757D4000752B56 /* AppDelegate.swift in Sources */,
			);
			runOnlyForDeploymentPostprocessing = 0;
		};
/* End PBXSourcesBuildPhase section */

/* Begin PBXTargetDependency section */
		84D8B4B61D757DDC00752B56 /* PBXTargetDependency */ = {
			isa = PBXTargetDependency;
			name = LFLiveKit;
			targetProxy = 84D8B4B51D757DDC00752B56 /* PBXContainerItemProxy */;
		};
/* End PBXTargetDependency section */

/* Begin PBXVariantGroup section */
		84D8B48F1D757D4000752B56 /* Main.storyboard */ = {
			isa = PBXVariantGroup;
			children = (
				84D8B4901D757D4000752B56 /* Base */,
			);
			name = Main.storyboard;
			sourceTree = "<group>";
		};
		84D8B4941D757D4000752B56 /* LaunchScreen.storyboard */ = {
			isa = PBXVariantGroup;
			children = (
				84D8B4951D757D4000752B56 /* Base */,
			);
			name = LaunchScreen.storyboard;
			sourceTree = "<group>";
		};
/* End PBXVariantGroup section */

/* Begin XCBuildConfiguration section */
		84D8B4981D757D4000752B56 /* Debug */ = {
			isa = XCBuildConfiguration;
			buildSettings = {
				ALWAYS_SEARCH_USER_PATHS = NO;
				CLANG_ANALYZER_NONNULL = YES;
				CLANG_CXX_LANGUAGE_STANDARD = "gnu++0x";
				CLANG_CXX_LIBRARY = "libc++";
				CLANG_ENABLE_MODULES = YES;
				CLANG_ENABLE_OBJC_ARC = YES;
				CLANG_WARN_BOOL_CONVERSION = YES;
				CLANG_WARN_CONSTANT_CONVERSION = YES;
				CLANG_WARN_DIRECT_OBJC_ISA_USAGE = YES_ERROR;
				CLANG_WARN_EMPTY_BODY = YES;
				CLANG_WARN_ENUM_CONVERSION = YES;
				CLANG_WARN_INT_CONVERSION = YES;
				CLANG_WARN_OBJC_ROOT_CLASS = YES_ERROR;
				CLANG_WARN_UNREACHABLE_CODE = YES;
				CLANG_WARN__DUPLICATE_METHOD_MATCH = YES;
				"CODE_SIGN_IDENTITY[sdk=iphoneos*]" = "iPhone Developer";
				COPY_PHASE_STRIP = NO;
				DEBUG_INFORMATION_FORMAT = dwarf;
				ENABLE_STRICT_OBJC_MSGSEND = YES;
				ENABLE_TESTABILITY = YES;
				GCC_C_LANGUAGE_STANDARD = gnu99;
				GCC_DYNAMIC_NO_PIC = NO;
				GCC_NO_COMMON_BLOCKS = YES;
				GCC_OPTIMIZATION_LEVEL = 0;
				GCC_PREPROCESSOR_DEFINITIONS = (
					"DEBUG=1",
					"$(inherited)",
				);
				GCC_WARN_64_TO_32_BIT_CONVERSION = YES;
				GCC_WARN_ABOUT_RETURN_TYPE = YES_ERROR;
				GCC_WARN_UNDECLARED_SELECTOR = YES;
				GCC_WARN_UNINITIALIZED_AUTOS = YES_AGGRESSIVE;
				GCC_WARN_UNUSED_FUNCTION = YES;
				GCC_WARN_UNUSED_VARIABLE = YES;
				IPHONEOS_DEPLOYMENT_TARGET = 7.0;
				MTL_ENABLE_DEBUG_INFO = YES;
				ONLY_ACTIVE_ARCH = YES;
				SDKROOT = iphoneos;
				SWIFT_OPTIMIZATION_LEVEL = "-Onone";
			};
			name = Debug;
		};
		84D8B4991D757D4000752B56 /* Release */ = {
			isa = XCBuildConfiguration;
			buildSettings = {
				ALWAYS_SEARCH_USER_PATHS = NO;
				CLANG_ANALYZER_NONNULL = YES;
				CLANG_CXX_LANGUAGE_STANDARD = "gnu++0x";
				CLANG_CXX_LIBRARY = "libc++";
				CLANG_ENABLE_MODULES = YES;
				CLANG_ENABLE_OBJC_ARC = YES;
				CLANG_WARN_BOOL_CONVERSION = YES;
				CLANG_WARN_CONSTANT_CONVERSION = YES;
				CLANG_WARN_DIRECT_OBJC_ISA_USAGE = YES_ERROR;
				CLANG_WARN_EMPTY_BODY = YES;
				CLANG_WARN_ENUM_CONVERSION = YES;
				CLANG_WARN_INT_CONVERSION = YES;
				CLANG_WARN_OBJC_ROOT_CLASS = YES_ERROR;
				CLANG_WARN_UNREACHABLE_CODE = YES;
				CLANG_WARN__DUPLICATE_METHOD_MATCH = YES;
				"CODE_SIGN_IDENTITY[sdk=iphoneos*]" = "iPhone Developer";
				COPY_PHASE_STRIP = NO;
				DEBUG_INFORMATION_FORMAT = "dwarf-with-dsym";
				ENABLE_NS_ASSERTIONS = NO;
				ENABLE_STRICT_OBJC_MSGSEND = YES;
				GCC_C_LANGUAGE_STANDARD = gnu99;
				GCC_NO_COMMON_BLOCKS = YES;
				GCC_WARN_64_TO_32_BIT_CONVERSION = YES;
				GCC_WARN_ABOUT_RETURN_TYPE = YES_ERROR;
				GCC_WARN_UNDECLARED_SELECTOR = YES;
				GCC_WARN_UNINITIALIZED_AUTOS = YES_AGGRESSIVE;
				GCC_WARN_UNUSED_FUNCTION = YES;
				GCC_WARN_UNUSED_VARIABLE = YES;
				IPHONEOS_DEPLOYMENT_TARGET = 7.0;
				MTL_ENABLE_DEBUG_INFO = NO;
				SDKROOT = iphoneos;
				VALIDATE_PRODUCT = YES;
			};
			name = Release;
		};
		84D8B49B1D757D4000752B56 /* Debug */ = {
			isa = XCBuildConfiguration;
			buildSettings = {
				ASSETCATALOG_COMPILER_APPICON_NAME = AppIcon;
				FRAMEWORK_SEARCH_PATHS = "\"$(SRCROOT)/../Vendor\"/**";
				INFOPLIST_FILE = LFLiveKitSwiftDemo/Info.plist;
				IPHONEOS_DEPLOYMENT_TARGET = 7.0;
				LD_RUNPATH_SEARCH_PATHS = "$(inherited) @executable_path/Frameworks";
				PRODUCT_BUNDLE_IDENTIFIER = com.youku.LFLiveKitSwiftDemo;
				PRODUCT_NAME = "$(TARGET_NAME)";
				SWIFT_OBJC_BRIDGING_HEADER = "LFLiveKitSwiftDemo/LFLiveKitSwiftDemo-Bridging-Header.h";
			};
			name = Debug;
		};
		84D8B49C1D757D4000752B56 /* Release */ = {
			isa = XCBuildConfiguration;
			buildSettings = {
				ASSETCATALOG_COMPILER_APPICON_NAME = AppIcon;
				FRAMEWORK_SEARCH_PATHS = "\"$(SRCROOT)/../Vendor\"/**";
				INFOPLIST_FILE = LFLiveKitSwiftDemo/Info.plist;
				IPHONEOS_DEPLOYMENT_TARGET = 7.0;
				LD_RUNPATH_SEARCH_PATHS = "$(inherited) @executable_path/Frameworks";
				PRODUCT_BUNDLE_IDENTIFIER = com.youku.LFLiveKitSwiftDemo;
				PRODUCT_NAME = "$(TARGET_NAME)";
				SWIFT_OBJC_BRIDGING_HEADER = "LFLiveKitSwiftDemo/LFLiveKitSwiftDemo-Bridging-Header.h";
			};
			name = Release;
		};
/* End XCBuildConfiguration section */

/* Begin XCConfigurationList section */
		84D8B4831D757D4000752B56 /* Build configuration list for PBXProject "LFLiveKitSwiftDemo" */ = {
			isa = XCConfigurationList;
			buildConfigurations = (
				84D8B4981D757D4000752B56 /* Debug */,
				84D8B4991D757D4000752B56 /* Release */,
			);
			defaultConfigurationIsVisible = 0;
			defaultConfigurationName = Release;
		};
		84D8B49A1D757D4000752B56 /* Build configuration list for PBXNativeTarget "LFLiveKitSwiftDemo" */ = {
			isa = XCConfigurationList;
			buildConfigurations = (
				84D8B49B1D757D4000752B56 /* Debug */,
				84D8B49C1D757D4000752B56 /* Release */,
			);
			defaultConfigurationIsVisible = 0;
		};
/* End XCConfigurationList section */
	};
	rootObject = 84D8B4801D757D4000752B56 /* Project object */;
}
