<?xml version="1.0" encoding="UTF-8"?>
<!DOCTYPE plist PUBLIC "-//Apple//DTD PLIST 1.0//EN" "http://www.apple.com/DTDs/PropertyList-1.0.dtd">
<plist version="1.0">
<dict>
	<key>archiveVersion</key>
	<string>1</string>
	<key>classes</key>
	<dict/>
	<key>objectVersion</key>
	<string>46</string>
	<key>objects</key>
	<dict>
		<key>0C07D14560B9E91EA1B59306</key>
		<dict>
			<key>children</key>
			<array>
				<string>840020001D0017850026C63F</string>
				<string>84001FFE1D00176C0026C63F</string>
				<string>84001FFC1D0017680026C63F</string>
				<string>84001FFA1D0017630026C63F</string>
				<string>84001FF81D00175D0026C63F</string>
				<string>84001FF61D0017590026C63F</string>
				<string>B8CB02D2A92EA1F5A262F154</string>
				<string>B5758EB2A15DAA132D8BF380</string>
			</array>
			<key>isa</key>
			<string>PBXGroup</string>
			<key>name</key>
			<string>Frameworks</string>
			<key>sourceTree</key>
			<string>&lt;group&gt;</string>
		</dict>
		<key>817C22141AD3F2EB34365AA3</key>
		<dict>
			<key>buildActionMask</key>
			<string>2147483647</string>
			<key>files</key>
			<array/>
			<key>inputPaths</key>
			<array/>
			<key>isa</key>
			<string>PBXShellScriptBuildPhase</string>
			<key>name</key>
			<string>&#128230; Copy Pods Resources</string>
			<key>outputPaths</key>
			<array/>
			<key>runOnlyForDeploymentPostprocessing</key>
			<string>0</string>
			<key>shellPath</key>
			<string>/bin/sh</string>
			<key>shellScript</key>
			<string>"${SRCROOT}/Pods/Target Support Files/Pods-LFLiveKit/Pods-LFLiveKit-resources.sh"
</string>
			<key>showEnvVarsInLog</key>
			<string>0</string>
		</dict>
		<key>84001F801D0015D10026C63F</key>
		<dict>
			<key>children</key>
			<array>
				<string>84001F8C1D0015D10026C63F</string>
				<string>84001F981D0015D10026C63F</string>
				<string>84001F8B1D0015D10026C63F</string>
				<string>EDD4B76A07A6817C79BB4E5C</string>
				<string>0C07D14560B9E91EA1B59306</string>
			</array>
			<key>isa</key>
			<string>PBXGroup</string>
			<key>sourceTree</key>
			<string>&lt;group&gt;</string>
		</dict>
		<key>84001F811D0015D10026C63F</key>
		<dict>
			<key>attributes</key>
			<dict>
				<key>LastUpgradeCheck</key>
				<string>0730</string>
				<key>ORGANIZATIONNAME</key>
				<string>admin</string>
				<key>TargetAttributes</key>
				<dict>
					<key>84001F891D0015D10026C63F</key>
					<dict>
						<key>CreatedOnToolsVersion</key>
						<string>7.3</string>
					</dict>
					<key>84001F931D0015D10026C63F</key>
					<dict>
						<key>CreatedOnToolsVersion</key>
						<string>7.3</string>
					</dict>
				</dict>
			</dict>
			<key>buildConfigurationList</key>
			<string>84001F841D0015D10026C63F</string>
			<key>compatibilityVersion</key>
			<string>Xcode 3.2</string>
			<key>developmentRegion</key>
			<string>English</string>
			<key>hasScannedForEncodings</key>
			<string>0</string>
			<key>isa</key>
			<string>PBXProject</string>
			<key>knownRegions</key>
			<array>
				<string>en</string>
			</array>
			<key>mainGroup</key>
			<string>84001F801D0015D10026C63F</string>
			<key>productRefGroup</key>
			<string>84001F8B1D0015D10026C63F</string>
			<key>projectDirPath</key>
			<string></string>
			<key>projectReferences</key>
			<array/>
			<key>projectRoot</key>
			<string></string>
			<key>targets</key>
			<array>
				<string>84001F891D0015D10026C63F</string>
				<string>84001F931D0015D10026C63F</string>
			</array>
		</dict>
		<key>84001F841D0015D10026C63F</key>
		<dict>
			<key>buildConfigurations</key>
			<array>
				<string>84001F9C1D0015D10026C63F</string>
				<string>84001F9D1D0015D10026C63F</string>
			</array>
			<key>defaultConfigurationIsVisible</key>
			<string>0</string>
			<key>defaultConfigurationName</key>
			<string>Release</string>
			<key>isa</key>
			<string>XCConfigurationList</string>
		</dict>
		<key>84001F851D0015D10026C63F</key>
		<dict>
			<key>buildActionMask</key>
			<string>2147483647</string>
			<key>files</key>
			<array>
				<string>840762DA1D07BC8B000FD0BF</string>
				<string>84001FE21D0016380026C63F</string>
				<string>84001FE41D0016380026C63F</string>
				<string>84001FE61D0016380026C63F</string>
				<string>840762DE1D07BC8B000FD0BF</string>
				<string>84001FDC1D0016380026C63F</string>
				<string>840762D81D07BC8B000FD0BF</string>
				<string>84001FD41D0016380026C63F</string>
				<string>84001FE81D0016380026C63F</string>
				<string>840762D61D07BC8B000FD0BF</string>
				<string>84001FF01D0016380026C63F</string>
				<string>84001FF51D0016380026C63F</string>
				<string>84001FDE1D0016380026C63F</string>
				<string>84001FD21D0016380026C63F</string>
				<string>84001FF21D0016380026C63F</string>
				<string>840762E11D07BC8B000FD0BF</string>
				<string>84001FD91D0016380026C63F</string>
				<string>84001FEC1D0016380026C63F</string>
				<string>84001FEA1D0016380026C63F</string>
				<string>840762DC1D07BC8B000FD0BF</string>
				<string>84001FEE1D0016380026C63F</string>
				<string>84001FD71D0016380026C63F</string>
				<string>840762C61D07BC7D000FD0BF</string>
				<string>84001FE01D0016380026C63F</string>
			</array>
			<key>isa</key>
			<string>PBXSourcesBuildPhase</string>
			<key>runOnlyForDeploymentPostprocessing</key>
			<string>0</string>
		</dict>
		<key>84001F861D0015D10026C63F</key>
		<dict>
			<key>buildActionMask</key>
			<string>2147483647</string>
			<key>files</key>
			<array>
				<string>840020011D0017850026C63F</string>
				<string>84001FFF1D00176C0026C63F</string>
				<string>84001FFD1D0017680026C63F</string>
				<string>84001FFB1D0017630026C63F</string>
				<string>84001FF91D00175D0026C63F</string>
				<string>84001FF71D0017590026C63F</string>
				<string>AD7F89B4621A7EFEBEA72D49</string>
				<string>BE55DA79155500CDEF87FB5C</string>
			</array>
			<key>isa</key>
			<string>PBXFrameworksBuildPhase</string>
			<key>runOnlyForDeploymentPostprocessing</key>
			<string>0</string>
		</dict>
		<key>84001F871D0015D10026C63F</key>
		<dict>
			<key>buildActionMask</key>
			<string>2147483647</string>
			<key>files</key>
			<array>
				<string>840762DD1D07BC8B000FD0BF</string>
				<string>84001FDB1D0016380026C63F</string>
				<string>840762E01D07BC8B000FD0BF</string>
				<string>84001FDD1D0016380026C63F</string>
				<string>840762D71D07BC8B000FD0BF</string>
				<string>84001FE31D0016380026C63F</string>
				<string>840762C51D07BC7D000FD0BF</string>
				<string>840762DF1D07BC8B000FD0BF</string>
				<string>84001FEB1D0016380026C63F</string>
				<string>84001FE91D0016380026C63F</string>
				<string>840762E21D07BC8B000FD0BF</string>
				<string>840762DB1D07BC8B000FD0BF</string>
				<string>84001FF11D0016380026C63F</string>
				<string>84001FE71D0016380026C63F</string>
				<string>84001FEF1D0016380026C63F</string>
				<string>84001FD61D0016380026C63F</string>
				<string>84001FDF1D0016380026C63F</string>
				<string>84001FD31D0016380026C63F</string>
				<string>84001FD11D0016380026C63F</string>
				<string>84001FF41D0016380026C63F</string>
				<string>84001FE11D0016380026C63F</string>
				<string>84001FDA1D0016380026C63F</string>
				<string>84001FE51D0016380026C63F</string>
				<string>84001FED1D0016380026C63F</string>
				<string>84001FD81D0016380026C63F</string>
				<string>84001FD51D0016380026C63F</string>
				<string>840762D91D07BC8B000FD0BF</string>
				<string>84001FF31D0016380026C63F</string>
				<string>84001F8E1D0015D10026C63F</string>
			</array>
			<key>isa</key>
			<string>PBXHeadersBuildPhase</string>
			<key>runOnlyForDeploymentPostprocessing</key>
			<string>0</string>
		</dict>
		<key>84001F881D0015D10026C63F</key>
		<dict>
			<key>buildActionMask</key>
			<string>2147483647</string>
			<key>files</key>
			<array/>
			<key>isa</key>
			<string>PBXResourcesBuildPhase</string>
			<key>runOnlyForDeploymentPostprocessing</key>
			<string>0</string>
		</dict>
		<key>84001F891D0015D10026C63F</key>
		<dict>
			<key>buildConfigurationList</key>
			<string>84001F9E1D0015D10026C63F</string>
			<key>buildPhases</key>
			<array>
				<string>98F2C3F394BD79A6D6B8424F</string>
				<string>8EE9401DCA9508E918B7FB68</string>
				<string>84001F851D0015D10026C63F</string>
				<string>84001F861D0015D10026C63F</string>
				<string>84001F871D0015D10026C63F</string>
				<string>84001F881D0015D10026C63F</string>
				<string>817C22141AD3F2EB34365AA3</string>
				<string>8A5D8B623E50AAC1575D1741</string>
			</array>
			<key>buildRules</key>
			<array/>
			<key>dependencies</key>
			<array/>
			<key>isa</key>
			<string>PBXNativeTarget</string>
			<key>name</key>
			<string>LFLiveKit</string>
			<key>productName</key>
			<string>LFLiveKit</string>
			<key>productReference</key>
			<string>84001F8A1D0015D10026C63F</string>
			<key>productType</key>
			<string>com.apple.product-type.framework</string>
		</dict>
		<key>84001F8A1D0015D10026C63F</key>
		<dict>
			<key>explicitFileType</key>
			<string>wrapper.framework</string>
			<key>includeInIndex</key>
			<string>0</string>
			<key>isa</key>
			<string>PBXFileReference</string>
			<key>path</key>
			<string>LFLiveKit.framework</string>
			<key>sourceTree</key>
			<string>BUILT_PRODUCTS_DIR</string>
		</dict>
		<key>84001F8B1D0015D10026C63F</key>
		<dict>
			<key>children</key>
			<array>
				<string>84001F8A1D0015D10026C63F</string>
				<string>84001F941D0015D10026C63F</string>
			</array>
			<key>isa</key>
			<string>PBXGroup</string>
			<key>name</key>
			<string>Products</string>
			<key>sourceTree</key>
			<string>&lt;group&gt;</string>
		</dict>
		<key>84001F8C1D0015D10026C63F</key>
		<dict>
			<key>children</key>
			<array>
				<string>84001F8D1D0015D10026C63F</string>
				<string>84001FBA1D0016380026C63F</string>
				<string>84001FBB1D0016380026C63F</string>
				<string>84001FBC1D0016380026C63F</string>
				<string>84001FB01D0016380026C63F</string>
				<string>84001FA41D0016380026C63F</string>
				<string>84001FA91D0016380026C63F</string>
				<string>84001FB51D0016380026C63F</string>
				<string>840762C71D07BC8B000FD0BF</string>
				<string>84001FC91D0016380026C63F</string>
				<string>84001F8F1D0015D10026C63F</string>
			</array>
			<key>isa</key>
			<string>PBXGroup</string>
			<key>path</key>
			<string>LFLiveKit</string>
			<key>sourceTree</key>
			<string>&lt;group&gt;</string>
		</dict>
		<key>84001F8D1D0015D10026C63F</key>
		<dict>
			<key>isa</key>
			<string>PBXFileReference</string>
			<key>lastKnownFileType</key>
			<string>sourcecode.c.h</string>
			<key>path</key>
			<string>LFLiveKit.h</string>
			<key>sourceTree</key>
			<string>&lt;group&gt;</string>
		</dict>
		<key>84001F8E1D0015D10026C63F</key>
		<dict>
			<key>fileRef</key>
			<string>84001F8D1D0015D10026C63F</string>
			<key>isa</key>
			<string>PBXBuildFile</string>
			<key>settings</key>
			<dict>
				<key>ATTRIBUTES</key>
				<array>
					<string>Public</string>
				</array>
			</dict>
		</dict>
		<key>84001F8F1D0015D10026C63F</key>
		<dict>
			<key>isa</key>
			<string>PBXFileReference</string>
			<key>lastKnownFileType</key>
			<string>text.plist.xml</string>
			<key>path</key>
			<string>Info.plist</string>
			<key>sourceTree</key>
			<string>&lt;group&gt;</string>
		</dict>
		<key>84001F901D0015D10026C63F</key>
		<dict>
			<key>buildActionMask</key>
			<string>2147483647</string>
			<key>files</key>
			<array>
				<string>84001F9A1D0015D10026C63F</string>
			</array>
			<key>isa</key>
			<string>PBXSourcesBuildPhase</string>
			<key>runOnlyForDeploymentPostprocessing</key>
			<string>0</string>
		</dict>
		<key>84001F911D0015D10026C63F</key>
		<dict>
			<key>buildActionMask</key>
			<string>2147483647</string>
			<key>files</key>
			<array>
				<string>84001F951D0015D10026C63F</string>
			</array>
			<key>isa</key>
			<string>PBXFrameworksBuildPhase</string>
			<key>runOnlyForDeploymentPostprocessing</key>
			<string>0</string>
		</dict>
		<key>84001F921D0015D10026C63F</key>
		<dict>
			<key>buildActionMask</key>
			<string>2147483647</string>
			<key>files</key>
			<array/>
			<key>isa</key>
			<string>PBXResourcesBuildPhase</string>
			<key>runOnlyForDeploymentPostprocessing</key>
			<string>0</string>
		</dict>
		<key>84001F931D0015D10026C63F</key>
		<dict>
			<key>buildConfigurationList</key>
			<string>84001FA11D0015D10026C63F</string>
			<key>buildPhases</key>
			<array>
				<string>84001F901D0015D10026C63F</string>
				<string>84001F911D0015D10026C63F</string>
				<string>84001F921D0015D10026C63F</string>
			</array>
			<key>buildRules</key>
			<array/>
			<key>dependencies</key>
			<array>
				<string>84001F971D0015D10026C63F</string>
			</array>
			<key>isa</key>
			<string>PBXNativeTarget</string>
			<key>name</key>
			<string>LFLiveKitTests</string>
			<key>productName</key>
			<string>LFLiveKitTests</string>
			<key>productReference</key>
			<string>84001F941D0015D10026C63F</string>
			<key>productType</key>
			<string>com.apple.product-type.bundle.unit-test</string>
		</dict>
		<key>84001F941D0015D10026C63F</key>
		<dict>
			<key>explicitFileType</key>
			<string>wrapper.cfbundle</string>
			<key>includeInIndex</key>
			<string>0</string>
			<key>isa</key>
			<string>PBXFileReference</string>
			<key>path</key>
			<string>LFLiveKitTests.xctest</string>
			<key>sourceTree</key>
			<string>BUILT_PRODUCTS_DIR</string>
		</dict>
		<key>84001F951D0015D10026C63F</key>
		<dict>
			<key>fileRef</key>
			<string>84001F8A1D0015D10026C63F</string>
			<key>isa</key>
			<string>PBXBuildFile</string>
		</dict>
		<key>84001F961D0015D10026C63F</key>
		<dict>
			<key>containerPortal</key>
			<string>84001F811D0015D10026C63F</string>
			<key>isa</key>
			<string>PBXContainerItemProxy</string>
			<key>proxyType</key>
			<string>1</string>
			<key>remoteGlobalIDString</key>
			<string>84001F891D0015D10026C63F</string>
			<key>remoteInfo</key>
			<string>LFLiveKit</string>
		</dict>
		<key>84001F971D0015D10026C63F</key>
		<dict>
			<key>isa</key>
			<string>PBXTargetDependency</string>
			<key>target</key>
			<string>84001F891D0015D10026C63F</string>
			<key>targetProxy</key>
			<string>84001F961D0015D10026C63F</string>
		</dict>
		<key>84001F981D0015D10026C63F</key>
		<dict>
			<key>children</key>
			<array>
				<string>84001F991D0015D10026C63F</string>
				<string>84001F9B1D0015D10026C63F</string>
			</array>
			<key>isa</key>
			<string>PBXGroup</string>
			<key>path</key>
			<string>LFLiveKitTests</string>
			<key>sourceTree</key>
			<string>&lt;group&gt;</string>
		</dict>
		<key>84001F991D0015D10026C63F</key>
		<dict>
			<key>isa</key>
			<string>PBXFileReference</string>
			<key>lastKnownFileType</key>
			<string>sourcecode.c.objc</string>
			<key>path</key>
			<string>LFLiveKitTests.m</string>
			<key>sourceTree</key>
			<string>&lt;group&gt;</string>
		</dict>
		<key>84001F9A1D0015D10026C63F</key>
		<dict>
			<key>fileRef</key>
			<string>84001F991D0015D10026C63F</string>
			<key>isa</key>
			<string>PBXBuildFile</string>
		</dict>
		<key>84001F9B1D0015D10026C63F</key>
		<dict>
			<key>isa</key>
			<string>PBXFileReference</string>
			<key>lastKnownFileType</key>
			<string>text.plist.xml</string>
			<key>path</key>
			<string>Info.plist</string>
			<key>sourceTree</key>
			<string>&lt;group&gt;</string>
		</dict>
		<key>84001F9C1D0015D10026C63F</key>
		<dict>
			<key>buildSettings</key>
			<dict>
				<key>ALWAYS_SEARCH_USER_PATHS</key>
				<string>NO</string>
				<key>CLANG_ANALYZER_NONNULL</key>
				<string>YES</string>
				<key>CLANG_CXX_LANGUAGE_STANDARD</key>
				<string>gnu++0x</string>
				<key>CLANG_CXX_LIBRARY</key>
				<string>libc++</string>
				<key>CLANG_ENABLE_MODULES</key>
				<string>YES</string>
				<key>CLANG_ENABLE_OBJC_ARC</key>
				<string>YES</string>
				<key>CLANG_WARN_BOOL_CONVERSION</key>
				<string>YES</string>
				<key>CLANG_WARN_CONSTANT_CONVERSION</key>
				<string>YES</string>
				<key>CLANG_WARN_DIRECT_OBJC_ISA_USAGE</key>
				<string>YES_ERROR</string>
				<key>CLANG_WARN_EMPTY_BODY</key>
				<string>YES</string>
				<key>CLANG_WARN_ENUM_CONVERSION</key>
				<string>YES</string>
				<key>CLANG_WARN_INT_CONVERSION</key>
				<string>YES</string>
				<key>CLANG_WARN_OBJC_ROOT_CLASS</key>
				<string>YES_ERROR</string>
				<key>CLANG_WARN_UNREACHABLE_CODE</key>
				<string>YES</string>
				<key>CLANG_WARN__DUPLICATE_METHOD_MATCH</key>
				<string>YES</string>
				<key>CODE_SIGN_IDENTITY[sdk=iphoneos*]</key>
				<string>iPhone Developer</string>
				<key>COPY_PHASE_STRIP</key>
				<string>NO</string>
				<key>CURRENT_PROJECT_VERSION</key>
				<string>1</string>
				<key>DEBUG_INFORMATION_FORMAT</key>
				<string>dwarf</string>
				<key>ENABLE_STRICT_OBJC_MSGSEND</key>
				<string>YES</string>
				<key>ENABLE_TESTABILITY</key>
				<string>YES</string>
				<key>GCC_C_LANGUAGE_STANDARD</key>
				<string>gnu99</string>
				<key>GCC_DYNAMIC_NO_PIC</key>
				<string>NO</string>
				<key>GCC_NO_COMMON_BLOCKS</key>
				<string>YES</string>
				<key>GCC_OPTIMIZATION_LEVEL</key>
				<string>0</string>
				<key>GCC_PREPROCESSOR_DEFINITIONS</key>
				<array>
					<string>DEBUG=1</string>
					<string>$(inherited)</string>
				</array>
				<key>GCC_WARN_64_TO_32_BIT_CONVERSION</key>
				<string>YES</string>
				<key>GCC_WARN_ABOUT_RETURN_TYPE</key>
				<string>YES_ERROR</string>
				<key>GCC_WARN_UNDECLARED_SELECTOR</key>
				<string>YES</string>
				<key>GCC_WARN_UNINITIALIZED_AUTOS</key>
				<string>YES_AGGRESSIVE</string>
				<key>GCC_WARN_UNUSED_FUNCTION</key>
				<string>YES</string>
				<key>GCC_WARN_UNUSED_VARIABLE</key>
				<string>YES</string>
				<key>IPHONEOS_DEPLOYMENT_TARGET</key>
				<string>9.3</string>
				<key>MTL_ENABLE_DEBUG_INFO</key>
				<string>YES</string>
				<key>ONLY_ACTIVE_ARCH</key>
				<string>YES</string>
				<key>SDKROOT</key>
				<string>iphoneos</string>
				<key>TARGETED_DEVICE_FAMILY</key>
				<string>1,2</string>
				<key>VERSIONING_SYSTEM</key>
				<string>apple-generic</string>
				<key>VERSION_INFO_PREFIX</key>
				<string></string>
			</dict>
			<key>isa</key>
			<string>XCBuildConfiguration</string>
			<key>name</key>
			<string>Debug</string>
		</dict>
		<key>84001F9D1D0015D10026C63F</key>
		<dict>
			<key>buildSettings</key>
			<dict>
				<key>ALWAYS_SEARCH_USER_PATHS</key>
				<string>NO</string>
				<key>CLANG_ANALYZER_NONNULL</key>
				<string>YES</string>
				<key>CLANG_CXX_LANGUAGE_STANDARD</key>
				<string>gnu++0x</string>
				<key>CLANG_CXX_LIBRARY</key>
				<string>libc++</string>
				<key>CLANG_ENABLE_MODULES</key>
				<string>YES</string>
				<key>CLANG_ENABLE_OBJC_ARC</key>
				<string>YES</string>
				<key>CLANG_WARN_BOOL_CONVERSION</key>
				<string>YES</string>
				<key>CLANG_WARN_CONSTANT_CONVERSION</key>
				<string>YES</string>
				<key>CLANG_WARN_DIRECT_OBJC_ISA_USAGE</key>
				<string>YES_ERROR</string>
				<key>CLANG_WARN_EMPTY_BODY</key>
				<string>YES</string>
				<key>CLANG_WARN_ENUM_CONVERSION</key>
				<string>YES</string>
				<key>CLANG_WARN_INT_CONVERSION</key>
				<string>YES</string>
				<key>CLANG_WARN_OBJC_ROOT_CLASS</key>
				<string>YES_ERROR</string>
				<key>CLANG_WARN_UNREACHABLE_CODE</key>
				<string>YES</string>
				<key>CLANG_WARN__DUPLICATE_METHOD_MATCH</key>
				<string>YES</string>
				<key>CODE_SIGN_IDENTITY[sdk=iphoneos*]</key>
				<string>iPhone Developer</string>
				<key>COPY_PHASE_STRIP</key>
				<string>NO</string>
				<key>CURRENT_PROJECT_VERSION</key>
				<string>1</string>
				<key>DEBUG_INFORMATION_FORMAT</key>
				<string>dwarf-with-dsym</string>
				<key>ENABLE_NS_ASSERTIONS</key>
				<string>NO</string>
				<key>ENABLE_STRICT_OBJC_MSGSEND</key>
				<string>YES</string>
				<key>GCC_C_LANGUAGE_STANDARD</key>
				<string>gnu99</string>
				<key>GCC_NO_COMMON_BLOCKS</key>
				<string>YES</string>
				<key>GCC_WARN_64_TO_32_BIT_CONVERSION</key>
				<string>YES</string>
				<key>GCC_WARN_ABOUT_RETURN_TYPE</key>
				<string>YES_ERROR</string>
				<key>GCC_WARN_UNDECLARED_SELECTOR</key>
				<string>YES</string>
				<key>GCC_WARN_UNINITIALIZED_AUTOS</key>
				<string>YES_AGGRESSIVE</string>
				<key>GCC_WARN_UNUSED_FUNCTION</key>
				<string>YES</string>
				<key>GCC_WARN_UNUSED_VARIABLE</key>
				<string>YES</string>
				<key>IPHONEOS_DEPLOYMENT_TARGET</key>
				<string>9.3</string>
				<key>MTL_ENABLE_DEBUG_INFO</key>
				<string>NO</string>
				<key>SDKROOT</key>
				<string>iphoneos</string>
				<key>TARGETED_DEVICE_FAMILY</key>
				<string>1,2</string>
				<key>VALIDATE_PRODUCT</key>
				<string>YES</string>
				<key>VERSIONING_SYSTEM</key>
				<string>apple-generic</string>
				<key>VERSION_INFO_PREFIX</key>
				<string></string>
			</dict>
			<key>isa</key>
			<string>XCBuildConfiguration</string>
			<key>name</key>
			<string>Release</string>
		</dict>
		<key>84001F9E1D0015D10026C63F</key>
		<dict>
			<key>buildConfigurations</key>
			<array>
				<string>84001F9F1D0015D10026C63F</string>
				<string>84001FA01D0015D10026C63F</string>
			</array>
			<key>defaultConfigurationIsVisible</key>
			<string>0</string>
			<key>defaultConfigurationName</key>
			<string>Release</string>
			<key>isa</key>
			<string>XCConfigurationList</string>
		</dict>
		<key>84001F9F1D0015D10026C63F</key>
		<dict>
			<key>baseConfigurationReference</key>
			<string>A17586B27CD6843997425CCF</string>
			<key>buildSettings</key>
			<dict>
				<key>DEFINES_MODULE</key>
				<string>YES</string>
				<key>DYLIB_COMPATIBILITY_VERSION</key>
				<string>1</string>
				<key>DYLIB_CURRENT_VERSION</key>
				<string>1</string>
				<key>DYLIB_INSTALL_NAME_BASE</key>
				<string>@rpath</string>
				<key>ENABLE_BITCODE</key>
				<string>NO</string>
				<key>INFOPLIST_FILE</key>
				<string>LFLiveKit/Info.plist</string>
				<key>INSTALL_PATH</key>
				<string>$(LOCAL_LIBRARY_DIR)/Frameworks</string>
				<key>IPHONEOS_DEPLOYMENT_TARGET</key>
				<string>8.0</string>
				<key>LD_RUNPATH_SEARCH_PATHS</key>
				<string>$(inherited) @executable_path/Frameworks @loader_path/Frameworks</string>
				<key>PRODUCT_BUNDLE_IDENTIFIER</key>
				<string>com.youku.LFLiveKit.LFLiveKit</string>
				<key>PRODUCT_NAME</key>
				<string>$(TARGET_NAME)</string>
				<key>SKIP_INSTALL</key>
				<string>YES</string>
			</dict>
			<key>isa</key>
			<string>XCBuildConfiguration</string>
			<key>name</key>
			<string>Debug</string>
		</dict>
		<key>84001FA01D0015D10026C63F</key>
		<dict>
			<key>baseConfigurationReference</key>
			<string>B75B965E6B94DE4CBCC82EA7</string>
			<key>buildSettings</key>
			<dict>
				<key>DEFINES_MODULE</key>
				<string>YES</string>
				<key>DYLIB_COMPATIBILITY_VERSION</key>
				<string>1</string>
				<key>DYLIB_CURRENT_VERSION</key>
				<string>1</string>
				<key>DYLIB_INSTALL_NAME_BASE</key>
				<string>@rpath</string>
				<key>ENABLE_BITCODE</key>
				<string>NO</string>
				<key>INFOPLIST_FILE</key>
				<string>LFLiveKit/Info.plist</string>
				<key>INSTALL_PATH</key>
				<string>$(LOCAL_LIBRARY_DIR)/Frameworks</string>
				<key>IPHONEOS_DEPLOYMENT_TARGET</key>
				<string>8.0</string>
				<key>LD_RUNPATH_SEARCH_PATHS</key>
				<string>$(inherited) @executable_path/Frameworks @loader_path/Frameworks</string>
				<key>PRODUCT_BUNDLE_IDENTIFIER</key>
				<string>com.youku.LFLiveKit.LFLiveKit</string>
				<key>PRODUCT_NAME</key>
				<string>$(TARGET_NAME)</string>
				<key>SKIP_INSTALL</key>
				<string>YES</string>
			</dict>
			<key>isa</key>
			<string>XCBuildConfiguration</string>
			<key>name</key>
			<string>Release</string>
		</dict>
		<key>84001FA11D0015D10026C63F</key>
		<dict>
			<key>buildConfigurations</key>
			<array>
				<string>84001FA21D0015D10026C63F</string>
				<string>84001FA31D0015D10026C63F</string>
			</array>
			<key>defaultConfigurationIsVisible</key>
			<string>0</string>
			<key>defaultConfigurationName</key>
			<string>Release</string>
			<key>isa</key>
			<string>XCConfigurationList</string>
		</dict>
		<key>84001FA21D0015D10026C63F</key>
		<dict>
			<key>buildSettings</key>
			<dict>
				<key>INFOPLIST_FILE</key>
				<string>LFLiveKitTests/Info.plist</string>
				<key>LD_RUNPATH_SEARCH_PATHS</key>
				<string>$(inherited) @executable_path/Frameworks @loader_path/Frameworks</string>
				<key>PRODUCT_BUNDLE_IDENTIFIER</key>
				<string>com.youku.LFLiveKit.LFLiveKitTests</string>
				<key>PRODUCT_NAME</key>
				<string>$(TARGET_NAME)</string>
			</dict>
			<key>isa</key>
			<string>XCBuildConfiguration</string>
			<key>name</key>
			<string>Debug</string>
		</dict>
		<key>84001FA31D0015D10026C63F</key>
		<dict>
			<key>buildSettings</key>
			<dict>
				<key>INFOPLIST_FILE</key>
				<string>LFLiveKitTests/Info.plist</string>
				<key>LD_RUNPATH_SEARCH_PATHS</key>
				<string>$(inherited) @executable_path/Frameworks @loader_path/Frameworks</string>
				<key>PRODUCT_BUNDLE_IDENTIFIER</key>
				<string>com.youku.LFLiveKit.LFLiveKitTests</string>
				<key>PRODUCT_NAME</key>
				<string>$(TARGET_NAME)</string>
			</dict>
			<key>isa</key>
			<string>XCBuildConfiguration</string>
			<key>name</key>
			<string>Release</string>
		</dict>
		<key>84001FA41D0016380026C63F</key>
		<dict>
			<key>children</key>
			<array>
				<string>84001FA51D0016380026C63F</string>
				<string>84001FA61D0016380026C63F</string>
				<string>84001FA71D0016380026C63F</string>
				<string>84001FA81D0016380026C63F</string>
			</array>
			<key>isa</key>
			<string>PBXGroup</string>
			<key>path</key>
			<string>capture</string>
			<key>sourceTree</key>
			<string>&lt;group&gt;</string>
		</dict>
		<key>84001FA51D0016380026C63F</key>
		<dict>
			<key>fileEncoding</key>
			<string>4</string>
			<key>isa</key>
			<string>PBXFileReference</string>
			<key>lastKnownFileType</key>
			<string>sourcecode.c.h</string>
			<key>path</key>
			<string>LFAudioCapture.h</string>
			<key>sourceTree</key>
			<string>&lt;group&gt;</string>
		</dict>
		<key>84001FA61D0016380026C63F</key>
		<dict>
			<key>fileEncoding</key>
			<string>4</string>
			<key>isa</key>
			<string>PBXFileReference</string>
			<key>lastKnownFileType</key>
			<string>sourcecode.c.objc</string>
			<key>path</key>
			<string>LFAudioCapture.m</string>
			<key>sourceTree</key>
			<string>&lt;group&gt;</string>
		</dict>
		<key>84001FA71D0016380026C63F</key>
		<dict>
			<key>fileEncoding</key>
			<string>4</string>
			<key>isa</key>
			<string>PBXFileReference</string>
			<key>lastKnownFileType</key>
			<string>sourcecode.c.h</string>
			<key>path</key>
			<string>LFVideoCapture.h</string>
			<key>sourceTree</key>
			<string>&lt;group&gt;</string>
		</dict>
		<key>84001FA81D0016380026C63F</key>
		<dict>
			<key>fileEncoding</key>
			<string>4</string>
			<key>isa</key>
			<string>PBXFileReference</string>
			<key>lastKnownFileType</key>
			<string>sourcecode.c.objc</string>
			<key>path</key>
			<string>LFVideoCapture.m</string>
			<key>sourceTree</key>
			<string>&lt;group&gt;</string>
		</dict>
		<key>84001FA91D0016380026C63F</key>
		<dict>
			<key>children</key>
			<array>
				<string>84001FAA1D0016380026C63F</string>
				<string>84001FAB1D0016380026C63F</string>
				<string>84001FAC1D0016380026C63F</string>
				<string>84001FAD1D0016380026C63F</string>
				<string>84001FAE1D0016380026C63F</string>
				<string>84001FAF1D0016380026C63F</string>
			</array>
			<key>isa</key>
			<string>PBXGroup</string>
			<key>path</key>
			<string>coder</string>
			<key>sourceTree</key>
			<string>&lt;group&gt;</string>
		</dict>
		<key>84001FAA1D0016380026C63F</key>
		<dict>
			<key>fileEncoding</key>
			<string>4</string>
			<key>isa</key>
			<string>PBXFileReference</string>
			<key>lastKnownFileType</key>
			<string>sourcecode.c.h</string>
			<key>path</key>
			<string>LFAudioEncoding.h</string>
			<key>sourceTree</key>
			<string>&lt;group&gt;</string>
		</dict>
		<key>84001FAB1D0016380026C63F</key>
		<dict>
			<key>fileEncoding</key>
			<string>4</string>
			<key>isa</key>
			<string>PBXFileReference</string>
			<key>lastKnownFileType</key>
			<string>sourcecode.c.h</string>
			<key>path</key>
			<string>LFHardwareAudioEncoder.h</string>
			<key>sourceTree</key>
			<string>&lt;group&gt;</string>
		</dict>
		<key>84001FAC1D0016380026C63F</key>
		<dict>
			<key>fileEncoding</key>
			<string>4</string>
			<key>isa</key>
			<string>PBXFileReference</string>
			<key>lastKnownFileType</key>
			<string>sourcecode.c.objc</string>
			<key>path</key>
			<string>LFHardwareAudioEncoder.m</string>
			<key>sourceTree</key>
			<string>&lt;group&gt;</string>
		</dict>
		<key>84001FAD1D0016380026C63F</key>
		<dict>
			<key>fileEncoding</key>
			<string>4</string>
			<key>isa</key>
			<string>PBXFileReference</string>
			<key>lastKnownFileType</key>
			<string>sourcecode.c.h</string>
			<key>path</key>
			<string>LFHardwareVideoEncoder.h</string>
			<key>sourceTree</key>
			<string>&lt;group&gt;</string>
		</dict>
		<key>84001FAE1D0016380026C63F</key>
		<dict>
			<key>fileEncoding</key>
			<string>4</string>
			<key>isa</key>
			<string>PBXFileReference</string>
			<key>lastKnownFileType</key>
			<string>sourcecode.c.objc</string>
			<key>path</key>
			<string>LFHardwareVideoEncoder.m</string>
			<key>sourceTree</key>
			<string>&lt;group&gt;</string>
		</dict>
		<key>84001FAF1D0016380026C63F</key>
		<dict>
			<key>fileEncoding</key>
			<string>4</string>
			<key>isa</key>
			<string>PBXFileReference</string>
			<key>lastKnownFileType</key>
			<string>sourcecode.c.h</string>
			<key>path</key>
			<string>LFVideoEncoding.h</string>
			<key>sourceTree</key>
			<string>&lt;group&gt;</string>
		</dict>
		<key>84001FB01D0016380026C63F</key>
		<dict>
			<key>children</key>
			<array>
				<string>84001FB11D0016380026C63F</string>
				<string>84001FB21D0016380026C63F</string>
				<string>84001FB31D0016380026C63F</string>
				<string>84001FB41D0016380026C63F</string>
			</array>
			<key>isa</key>
			<string>PBXGroup</string>
			<key>path</key>
			<string>configuration</string>
			<key>sourceTree</key>
			<string>&lt;group&gt;</string>
		</dict>
		<key>84001FB11D0016380026C63F</key>
		<dict>
			<key>fileEncoding</key>
			<string>4</string>
			<key>isa</key>
			<string>PBXFileReference</string>
			<key>lastKnownFileType</key>
			<string>sourcecode.c.h</string>
			<key>path</key>
			<string>LFLiveAudioConfiguration.h</string>
			<key>sourceTree</key>
			<string>&lt;group&gt;</string>
		</dict>
		<key>84001FB21D0016380026C63F</key>
		<dict>
			<key>fileEncoding</key>
			<string>4</string>
			<key>isa</key>
			<string>PBXFileReference</string>
			<key>lastKnownFileType</key>
			<string>sourcecode.c.objc</string>
			<key>path</key>
			<string>LFLiveAudioConfiguration.m</string>
			<key>sourceTree</key>
			<string>&lt;group&gt;</string>
		</dict>
		<key>84001FB31D0016380026C63F</key>
		<dict>
			<key>fileEncoding</key>
			<string>4</string>
			<key>isa</key>
			<string>PBXFileReference</string>
			<key>lastKnownFileType</key>
			<string>sourcecode.c.h</string>
			<key>path</key>
			<string>LFLiveVideoConfiguration.h</string>
			<key>sourceTree</key>
			<string>&lt;group&gt;</string>
		</dict>
		<key>84001FB41D0016380026C63F</key>
		<dict>
			<key>fileEncoding</key>
			<string>4</string>
			<key>isa</key>
			<string>PBXFileReference</string>
			<key>lastKnownFileType</key>
			<string>sourcecode.c.objc</string>
			<key>path</key>
			<string>LFLiveVideoConfiguration.m</string>
			<key>sourceTree</key>
			<string>&lt;group&gt;</string>
		</dict>
		<key>84001FB51D0016380026C63F</key>
		<dict>
			<key>children</key>
			<array>
				<string>84001FB61D0016380026C63F</string>
				<string>84001FB71D0016380026C63F</string>
				<string>84001FB81D0016380026C63F</string>
				<string>84001FB91D0016380026C63F</string>
			</array>
			<key>isa</key>
			<string>PBXGroup</string>
			<key>path</key>
			<string>filter</string>
			<key>sourceTree</key>
			<string>&lt;group&gt;</string>
		</dict>
		<key>84001FB61D0016380026C63F</key>
		<dict>
			<key>fileEncoding</key>
			<string>4</string>
			<key>isa</key>
			<string>PBXFileReference</string>
			<key>lastKnownFileType</key>
			<string>sourcecode.c.h</string>
			<key>path</key>
			<string>LFGPUImageBeautyFilter.h</string>
			<key>sourceTree</key>
			<string>&lt;group&gt;</string>
		</dict>
		<key>84001FB71D0016380026C63F</key>
		<dict>
			<key>fileEncoding</key>
			<string>4</string>
			<key>isa</key>
			<string>PBXFileReference</string>
			<key>lastKnownFileType</key>
			<string>sourcecode.c.objc</string>
			<key>path</key>
			<string>LFGPUImageBeautyFilter.m</string>
			<key>sourceTree</key>
			<string>&lt;group&gt;</string>
		</dict>
		<key>84001FB81D0016380026C63F</key>
		<dict>
			<key>fileEncoding</key>
			<string>4</string>
			<key>isa</key>
			<string>PBXFileReference</string>
			<key>lastKnownFileType</key>
			<string>sourcecode.c.h</string>
			<key>path</key>
			<string>LFGPUImageEmptyFilter.h</string>
			<key>sourceTree</key>
			<string>&lt;group&gt;</string>
		</dict>
		<key>84001FB91D0016380026C63F</key>
		<dict>
			<key>fileEncoding</key>
			<string>4</string>
			<key>isa</key>
			<string>PBXFileReference</string>
			<key>lastKnownFileType</key>
			<string>sourcecode.c.objc</string>
			<key>path</key>
			<string>LFGPUImageEmptyFilter.m</string>
			<key>sourceTree</key>
			<string>&lt;group&gt;</string>
		</dict>
		<key>84001FBA1D0016380026C63F</key>
		<dict>
			<key>fileEncoding</key>
			<string>4</string>
			<key>isa</key>
			<string>PBXFileReference</string>
			<key>lastKnownFileType</key>
			<string>sourcecode.c.h</string>
			<key>path</key>
			<string>LFLiveSession.h</string>
			<key>sourceTree</key>
			<string>&lt;group&gt;</string>
		</dict>
		<key>84001FBB1D0016380026C63F</key>
		<dict>
			<key>fileEncoding</key>
			<string>4</string>
			<key>isa</key>
			<string>PBXFileReference</string>
			<key>lastKnownFileType</key>
			<string>sourcecode.c.objc</string>
			<key>path</key>
			<string>LFLiveSession.m</string>
			<key>sourceTree</key>
			<string>&lt;group&gt;</string>
		</dict>
		<key>84001FBC1D0016380026C63F</key>
		<dict>
			<key>children</key>
			<array>
				<string>84001FBD1D0016380026C63F</string>
				<string>84001FBE1D0016380026C63F</string>
				<string>84001FBF1D0016380026C63F</string>
				<string>84001FC01D0016380026C63F</string>
				<string>84001FC11D0016380026C63F</string>
				<string>84001FC21D0016380026C63F</string>
				<string>84001FC31D0016380026C63F</string>
				<string>84001FC41D0016380026C63F</string>
				<string>84001FC51D0016380026C63F</string>
				<string>84001FC61D0016380026C63F</string>
			</array>
			<key>isa</key>
			<string>PBXGroup</string>
			<key>path</key>
			<string>objects</string>
			<key>sourceTree</key>
			<string>&lt;group&gt;</string>
		</dict>
		<key>84001FBD1D0016380026C63F</key>
		<dict>
			<key>fileEncoding</key>
			<string>4</string>
			<key>isa</key>
			<string>PBXFileReference</string>
			<key>lastKnownFileType</key>
			<string>sourcecode.c.h</string>
			<key>path</key>
			<string>LFAudioFrame.h</string>
			<key>sourceTree</key>
			<string>&lt;group&gt;</string>
		</dict>
		<key>84001FBE1D0016380026C63F</key>
		<dict>
			<key>fileEncoding</key>
			<string>4</string>
			<key>isa</key>
			<string>PBXFileReference</string>
			<key>lastKnownFileType</key>
			<string>sourcecode.c.objc</string>
			<key>path</key>
			<string>LFAudioFrame.m</string>
			<key>sourceTree</key>
			<string>&lt;group&gt;</string>
		</dict>
		<key>84001FBF1D0016380026C63F</key>
		<dict>
			<key>fileEncoding</key>
			<string>4</string>
			<key>isa</key>
			<string>PBXFileReference</string>
			<key>lastKnownFileType</key>
			<string>sourcecode.c.h</string>
			<key>path</key>
			<string>LFFrame.h</string>
			<key>sourceTree</key>
			<string>&lt;group&gt;</string>
		</dict>
		<key>84001FC01D0016380026C63F</key>
		<dict>
			<key>fileEncoding</key>
			<string>4</string>
			<key>isa</key>
			<string>PBXFileReference</string>
			<key>lastKnownFileType</key>
			<string>sourcecode.c.objc</string>
			<key>path</key>
			<string>LFFrame.m</string>
			<key>sourceTree</key>
			<string>&lt;group&gt;</string>
		</dict>
		<key>84001FC11D0016380026C63F</key>
		<dict>
			<key>fileEncoding</key>
			<string>4</string>
			<key>isa</key>
			<string>PBXFileReference</string>
			<key>lastKnownFileType</key>
			<string>sourcecode.c.h</string>
			<key>path</key>
			<string>LFLiveDebug.h</string>
			<key>sourceTree</key>
			<string>&lt;group&gt;</string>
		</dict>
		<key>84001FC21D0016380026C63F</key>
		<dict>
			<key>fileEncoding</key>
			<string>4</string>
			<key>isa</key>
			<string>PBXFileReference</string>
			<key>lastKnownFileType</key>
			<string>sourcecode.c.objc</string>
			<key>path</key>
			<string>LFLiveDebug.m</string>
			<key>sourceTree</key>
			<string>&lt;group&gt;</string>
		</dict>
		<key>84001FC31D0016380026C63F</key>
		<dict>
			<key>fileEncoding</key>
			<string>4</string>
			<key>isa</key>
			<string>PBXFileReference</string>
			<key>lastKnownFileType</key>
			<string>sourcecode.c.h</string>
			<key>path</key>
			<string>LFLiveStreamInfo.h</string>
			<key>sourceTree</key>
			<string>&lt;group&gt;</string>
		</dict>
		<key>84001FC41D0016380026C63F</key>
		<dict>
			<key>fileEncoding</key>
			<string>4</string>
			<key>isa</key>
			<string>PBXFileReference</string>
			<key>lastKnownFileType</key>
			<string>sourcecode.c.objc</string>
			<key>path</key>
			<string>LFLiveStreamInfo.m</string>
			<key>sourceTree</key>
			<string>&lt;group&gt;</string>
		</dict>
		<key>84001FC51D0016380026C63F</key>
		<dict>
			<key>fileEncoding</key>
			<string>4</string>
			<key>isa</key>
			<string>PBXFileReference</string>
			<key>lastKnownFileType</key>
			<string>sourcecode.c.h</string>
			<key>path</key>
			<string>LFVideoFrame.h</string>
			<key>sourceTree</key>
			<string>&lt;group&gt;</string>
		</dict>
		<key>84001FC61D0016380026C63F</key>
		<dict>
			<key>fileEncoding</key>
			<string>4</string>
			<key>isa</key>
			<string>PBXFileReference</string>
			<key>lastKnownFileType</key>
			<string>sourcecode.c.objc</string>
			<key>path</key>
			<string>LFVideoFrame.m</string>
			<key>sourceTree</key>
			<string>&lt;group&gt;</string>
		</dict>
		<key>84001FC91D0016380026C63F</key>
		<dict>
			<key>children</key>
			<array>
				<string>84001FCE1D0016380026C63F</string>
				<string>84001FCA1D0016380026C63F</string>
				<string>84001FCB1D0016380026C63F</string>
				<string>84001FCC1D0016380026C63F</string>
				<string>84001FCD1D0016380026C63F</string>
				<string>840762C31D07BC7D000FD0BF</string>
				<string>840762C41D07BC7D000FD0BF</string>
				<string>84001FCF1D0016380026C63F</string>
				<string>84001FD01D0016380026C63F</string>
			</array>
			<key>isa</key>
			<string>PBXGroup</string>
			<key>name</key>
			<string>publish</string>
			<key>path</key>
			<string>upload</string>
			<key>sourceTree</key>
			<string>&lt;group&gt;</string>
		</dict>
		<key>84001FCA1D0016380026C63F</key>
		<dict>
			<key>fileEncoding</key>
			<string>4</string>
			<key>isa</key>
			<string>PBXFileReference</string>
			<key>lastKnownFileType</key>
			<string>sourcecode.c.h</string>
			<key>path</key>
			<string>LFStreamingBuffer.h</string>
			<key>sourceTree</key>
			<string>&lt;group&gt;</string>
		</dict>
		<key>84001FCB1D0016380026C63F</key>
		<dict>
			<key>fileEncoding</key>
			<string>4</string>
			<key>isa</key>
			<string>PBXFileReference</string>
			<key>lastKnownFileType</key>
			<string>sourcecode.c.objc</string>
			<key>path</key>
			<string>LFStreamingBuffer.m</string>
			<key>sourceTree</key>
			<string>&lt;group&gt;</string>
		</dict>
		<key>84001FCC1D0016380026C63F</key>
		<dict>
			<key>fileEncoding</key>
			<string>4</string>
			<key>isa</key>
			<string>PBXFileReference</string>
			<key>lastKnownFileType</key>
			<string>sourcecode.c.h</string>
			<key>path</key>
			<string>LFStreamRtmpSocket.h</string>
			<key>sourceTree</key>
			<string>&lt;group&gt;</string>
		</dict>
		<key>84001FCD1D0016380026C63F</key>
		<dict>
			<key>fileEncoding</key>
			<string>4</string>
			<key>isa</key>
			<string>PBXFileReference</string>
			<key>lastKnownFileType</key>
			<string>sourcecode.c.objc</string>
			<key>path</key>
			<string>LFStreamRtmpSocket.m</string>
			<key>sourceTree</key>
			<string>&lt;group&gt;</string>
		</dict>
		<key>84001FCE1D0016380026C63F</key>
		<dict>
			<key>fileEncoding</key>
			<string>4</string>
			<key>isa</key>
			<string>PBXFileReference</string>
			<key>lastKnownFileType</key>
			<string>sourcecode.c.h</string>
			<key>path</key>
			<string>LFStreamSocket.h</string>
			<key>sourceTree</key>
			<string>&lt;group&gt;</string>
		</dict>
		<key>84001FCF1D0016380026C63F</key>
		<dict>
			<key>fileEncoding</key>
			<string>4</string>
			<key>isa</key>
			<string>PBXFileReference</string>
			<key>lastKnownFileType</key>
			<string>sourcecode.c.h</string>
			<key>path</key>
			<string>NSMutableArray+LFAdd.h</string>
			<key>sourceTree</key>
			<string>&lt;group&gt;</string>
		</dict>
		<key>84001FD01D0016380026C63F</key>
		<dict>
			<key>fileEncoding</key>
			<string>4</string>
			<key>isa</key>
			<string>PBXFileReference</string>
			<key>lastKnownFileType</key>
			<string>sourcecode.c.objc</string>
			<key>path</key>
			<string>NSMutableArray+LFAdd.m</string>
			<key>sourceTree</key>
			<string>&lt;group&gt;</string>
		</dict>
		<key>84001FD11D0016380026C63F</key>
		<dict>
			<key>fileRef</key>
			<string>84001FA51D0016380026C63F</string>
			<key>isa</key>
			<string>PBXBuildFile</string>
		</dict>
		<key>84001FD21D0016380026C63F</key>
		<dict>
			<key>fileRef</key>
			<string>84001FA61D0016380026C63F</string>
			<key>isa</key>
			<string>PBXBuildFile</string>
		</dict>
		<key>84001FD31D0016380026C63F</key>
		<dict>
			<key>fileRef</key>
			<string>84001FA71D0016380026C63F</string>
			<key>isa</key>
			<string>PBXBuildFile</string>
		</dict>
		<key>84001FD41D0016380026C63F</key>
		<dict>
			<key>fileRef</key>
			<string>84001FA81D0016380026C63F</string>
			<key>isa</key>
			<string>PBXBuildFile</string>
		</dict>
		<key>84001FD51D0016380026C63F</key>
		<dict>
			<key>fileRef</key>
			<string>84001FAA1D0016380026C63F</string>
			<key>isa</key>
			<string>PBXBuildFile</string>
		</dict>
		<key>84001FD61D0016380026C63F</key>
		<dict>
			<key>fileRef</key>
			<string>84001FAB1D0016380026C63F</string>
			<key>isa</key>
			<string>PBXBuildFile</string>
		</dict>
		<key>84001FD71D0016380026C63F</key>
		<dict>
			<key>fileRef</key>
			<string>84001FAC1D0016380026C63F</string>
			<key>isa</key>
			<string>PBXBuildFile</string>
		</dict>
		<key>84001FD81D0016380026C63F</key>
		<dict>
			<key>fileRef</key>
			<string>84001FAD1D0016380026C63F</string>
			<key>isa</key>
			<string>PBXBuildFile</string>
		</dict>
		<key>84001FD91D0016380026C63F</key>
		<dict>
			<key>fileRef</key>
			<string>84001FAE1D0016380026C63F</string>
			<key>isa</key>
			<string>PBXBuildFile</string>
		</dict>
		<key>84001FDA1D0016380026C63F</key>
		<dict>
			<key>fileRef</key>
			<string>84001FAF1D0016380026C63F</string>
			<key>isa</key>
			<string>PBXBuildFile</string>
		</dict>
		<key>84001FDB1D0016380026C63F</key>
		<dict>
			<key>fileRef</key>
			<string>84001FB11D0016380026C63F</string>
			<key>isa</key>
			<string>PBXBuildFile</string>
			<key>settings</key>
			<dict>
				<key>ATTRIBUTES</key>
				<array>
					<string>Public</string>
				</array>
			</dict>
		</dict>
		<key>84001FDC1D0016380026C63F</key>
		<dict>
			<key>fileRef</key>
			<string>84001FB21D0016380026C63F</string>
			<key>isa</key>
			<string>PBXBuildFile</string>
		</dict>
		<key>84001FDD1D0016380026C63F</key>
		<dict>
			<key>fileRef</key>
			<string>84001FB31D0016380026C63F</string>
			<key>isa</key>
			<string>PBXBuildFile</string>
			<key>settings</key>
			<dict>
				<key>ATTRIBUTES</key>
				<array>
					<string>Public</string>
				</array>
			</dict>
		</dict>
		<key>84001FDE1D0016380026C63F</key>
		<dict>
			<key>fileRef</key>
			<string>84001FB41D0016380026C63F</string>
			<key>isa</key>
			<string>PBXBuildFile</string>
		</dict>
		<key>84001FDF1D0016380026C63F</key>
		<dict>
			<key>fileRef</key>
			<string>84001FB61D0016380026C63F</string>
			<key>isa</key>
			<string>PBXBuildFile</string>
		</dict>
		<key>84001FE01D0016380026C63F</key>
		<dict>
			<key>fileRef</key>
			<string>84001FB71D0016380026C63F</string>
			<key>isa</key>
			<string>PBXBuildFile</string>
		</dict>
		<key>84001FE11D0016380026C63F</key>
		<dict>
			<key>fileRef</key>
			<string>84001FB81D0016380026C63F</string>
			<key>isa</key>
			<string>PBXBuildFile</string>
		</dict>
		<key>84001FE21D0016380026C63F</key>
		<dict>
			<key>fileRef</key>
			<string>84001FB91D0016380026C63F</string>
			<key>isa</key>
			<string>PBXBuildFile</string>
		</dict>
		<key>84001FE31D0016380026C63F</key>
		<dict>
			<key>fileRef</key>
			<string>84001FBA1D0016380026C63F</string>
			<key>isa</key>
			<string>PBXBuildFile</string>
			<key>settings</key>
			<dict>
				<key>ATTRIBUTES</key>
				<array>
					<string>Public</string>
				</array>
			</dict>
		</dict>
		<key>84001FE41D0016380026C63F</key>
		<dict>
			<key>fileRef</key>
			<string>84001FBB1D0016380026C63F</string>
			<key>isa</key>
			<string>PBXBuildFile</string>
		</dict>
		<key>84001FE51D0016380026C63F</key>
		<dict>
			<key>fileRef</key>
			<string>84001FBD1D0016380026C63F</string>
			<key>isa</key>
			<string>PBXBuildFile</string>
		</dict>
		<key>84001FE61D0016380026C63F</key>
		<dict>
			<key>fileRef</key>
			<string>84001FBE1D0016380026C63F</string>
			<key>isa</key>
			<string>PBXBuildFile</string>
		</dict>
		<key>84001FE71D0016380026C63F</key>
		<dict>
			<key>fileRef</key>
			<string>84001FBF1D0016380026C63F</string>
			<key>isa</key>
			<string>PBXBuildFile</string>
		</dict>
		<key>84001FE81D0016380026C63F</key>
		<dict>
			<key>fileRef</key>
			<string>84001FC01D0016380026C63F</string>
			<key>isa</key>
			<string>PBXBuildFile</string>
		</dict>
		<key>84001FE91D0016380026C63F</key>
		<dict>
			<key>fileRef</key>
			<string>84001FC11D0016380026C63F</string>
			<key>isa</key>
			<string>PBXBuildFile</string>
			<key>settings</key>
			<dict>
				<key>ATTRIBUTES</key>
				<array>
					<string>Public</string>
				</array>
			</dict>
		</dict>
		<key>84001FEA1D0016380026C63F</key>
		<dict>
			<key>fileRef</key>
			<string>84001FC21D0016380026C63F</string>
			<key>isa</key>
			<string>PBXBuildFile</string>
		</dict>
		<key>84001FEB1D0016380026C63F</key>
		<dict>
			<key>fileRef</key>
			<string>84001FC31D0016380026C63F</string>
			<key>isa</key>
			<string>PBXBuildFile</string>
			<key>settings</key>
			<dict>
				<key>ATTRIBUTES</key>
				<array>
					<string>Public</string>
				</array>
			</dict>
		</dict>
		<key>84001FEC1D0016380026C63F</key>
		<dict>
			<key>fileRef</key>
			<string>84001FC41D0016380026C63F</string>
			<key>isa</key>
			<string>PBXBuildFile</string>
		</dict>
		<key>84001FED1D0016380026C63F</key>
		<dict>
			<key>fileRef</key>
			<string>84001FC51D0016380026C63F</string>
			<key>isa</key>
			<string>PBXBuildFile</string>
		</dict>
		<key>84001FEE1D0016380026C63F</key>
		<dict>
			<key>fileRef</key>
			<string>84001FC61D0016380026C63F</string>
			<key>isa</key>
			<string>PBXBuildFile</string>
		</dict>
		<key>84001FEF1D0016380026C63F</key>
		<dict>
			<key>fileRef</key>
			<string>84001FCA1D0016380026C63F</string>
			<key>isa</key>
			<string>PBXBuildFile</string>
		</dict>
		<key>84001FF01D0016380026C63F</key>
		<dict>
			<key>fileRef</key>
			<string>84001FCB1D0016380026C63F</string>
			<key>isa</key>
			<string>PBXBuildFile</string>
		</dict>
		<key>84001FF11D0016380026C63F</key>
		<dict>
			<key>fileRef</key>
			<string>84001FCC1D0016380026C63F</string>
			<key>isa</key>
			<string>PBXBuildFile</string>
		</dict>
		<key>84001FF21D0016380026C63F</key>
		<dict>
			<key>fileRef</key>
			<string>84001FCD1D0016380026C63F</string>
			<key>isa</key>
			<string>PBXBuildFile</string>
		</dict>
		<key>84001FF31D0016380026C63F</key>
		<dict>
			<key>fileRef</key>
			<string>84001FCE1D0016380026C63F</string>
			<key>isa</key>
			<string>PBXBuildFile</string>
		</dict>
		<key>84001FF41D0016380026C63F</key>
		<dict>
			<key>fileRef</key>
			<string>84001FCF1D0016380026C63F</string>
			<key>isa</key>
			<string>PBXBuildFile</string>
		</dict>
		<key>84001FF51D0016380026C63F</key>
		<dict>
			<key>fileRef</key>
			<string>84001FD01D0016380026C63F</string>
			<key>isa</key>
			<string>PBXBuildFile</string>
		</dict>
		<key>84001FF61D0017590026C63F</key>
		<dict>
			<key>isa</key>
			<string>PBXFileReference</string>
			<key>lastKnownFileType</key>
			<string>wrapper.framework</string>
			<key>name</key>
			<string>AVFoundation.framework</string>
			<key>path</key>
			<string>System/Library/Frameworks/AVFoundation.framework</string>
			<key>sourceTree</key>
			<string>SDKROOT</string>
		</dict>
		<key>84001FF71D0017590026C63F</key>
		<dict>
			<key>fileRef</key>
			<string>84001FF61D0017590026C63F</string>
			<key>isa</key>
			<string>PBXBuildFile</string>
		</dict>
		<key>84001FF81D00175D0026C63F</key>
		<dict>
			<key>isa</key>
			<string>PBXFileReference</string>
			<key>lastKnownFileType</key>
			<string>wrapper.framework</string>
			<key>name</key>
			<string>Foundation.framework</string>
			<key>path</key>
			<string>System/Library/Frameworks/Foundation.framework</string>
			<key>sourceTree</key>
			<string>SDKROOT</string>
		</dict>
		<key>84001FF91D00175D0026C63F</key>
		<dict>
			<key>fileRef</key>
			<string>84001FF81D00175D0026C63F</string>
			<key>isa</key>
			<string>PBXBuildFile</string>
		</dict>
		<key>84001FFA1D0017630026C63F</key>
		<dict>
			<key>isa</key>
			<string>PBXFileReference</string>
			<key>lastKnownFileType</key>
			<string>wrapper.framework</string>
			<key>name</key>
			<string>UIKit.framework</string>
			<key>path</key>
			<string>System/Library/Frameworks/UIKit.framework</string>
			<key>sourceTree</key>
			<string>SDKROOT</string>
		</dict>
		<key>84001FFB1D0017630026C63F</key>
		<dict>
			<key>fileRef</key>
			<string>84001FFA1D0017630026C63F</string>
			<key>isa</key>
			<string>PBXBuildFile</string>
		</dict>
		<key>84001FFC1D0017680026C63F</key>
		<dict>
			<key>isa</key>
			<string>PBXFileReference</string>
			<key>lastKnownFileType</key>
			<string>wrapper.framework</string>
			<key>name</key>
			<string>AudioToolbox.framework</string>
			<key>path</key>
			<string>System/Library/Frameworks/AudioToolbox.framework</string>
			<key>sourceTree</key>
			<string>SDKROOT</string>
		</dict>
		<key>84001FFD1D0017680026C63F</key>
		<dict>
			<key>fileRef</key>
			<string>84001FFC1D0017680026C63F</string>
			<key>isa</key>
			<string>PBXBuildFile</string>
		</dict>
		<key>84001FFE1D00176C0026C63F</key>
		<dict>
			<key>isa</key>
			<string>PBXFileReference</string>
			<key>lastKnownFileType</key>
			<string>wrapper.framework</string>
			<key>name</key>
			<string>VideoToolbox.framework</string>
			<key>path</key>
			<string>System/Library/Frameworks/VideoToolbox.framework</string>
			<key>sourceTree</key>
			<string>SDKROOT</string>
		</dict>
		<key>84001FFF1D00176C0026C63F</key>
		<dict>
			<key>fileRef</key>
			<string>84001FFE1D00176C0026C63F</string>
			<key>isa</key>
			<string>PBXBuildFile</string>
		</dict>
		<key>840020001D0017850026C63F</key>
		<dict>
			<key>isa</key>
			<string>PBXFileReference</string>
			<key>lastKnownFileType</key>
			<string>sourcecode.text-based-dylib-definition</string>
			<key>name</key>
			<string>libz.tbd</string>
			<key>path</key>
			<string>usr/lib/libz.tbd</string>
			<key>sourceTree</key>
			<string>SDKROOT</string>
		</dict>
		<key>840020011D0017850026C63F</key>
		<dict>
			<key>fileRef</key>
			<string>840020001D0017850026C63F</string>
			<key>isa</key>
			<string>PBXBuildFile</string>
		</dict>
		<key>840762C31D07BC7D000FD0BF</key>
		<dict>
			<key>fileEncoding</key>
			<string>4</string>
			<key>isa</key>
			<string>PBXFileReference</string>
			<key>lastKnownFileType</key>
			<string>sourcecode.c.h</string>
			<key>path</key>
			<string>LFStreamTcpSocket.h</string>
			<key>sourceTree</key>
			<string>&lt;group&gt;</string>
		</dict>
		<key>840762C41D07BC7D000FD0BF</key>
		<dict>
			<key>fileEncoding</key>
			<string>4</string>
			<key>isa</key>
			<string>PBXFileReference</string>
			<key>lastKnownFileType</key>
			<string>sourcecode.c.objc</string>
			<key>path</key>
			<string>LFStreamTcpSocket.m</string>
			<key>sourceTree</key>
			<string>&lt;group&gt;</string>
		</dict>
		<key>840762C51D07BC7D000FD0BF</key>
		<dict>
			<key>fileRef</key>
			<string>840762C31D07BC7D000FD0BF</string>
			<key>isa</key>
			<string>PBXBuildFile</string>
		</dict>
		<key>840762C61D07BC7D000FD0BF</key>
		<dict>
			<key>fileRef</key>
			<string>840762C41D07BC7D000FD0BF</string>
			<key>isa</key>
			<string>PBXBuildFile</string>
		</dict>
		<key>840762C71D07BC8B000FD0BF</key>
		<dict>
			<key>children</key>
			<array>
				<string>840762C81D07BC8B000FD0BF</string>
				<string>840762D31D07BC8B000FD0BF</string>
				<string>840762D41D07BC8B000FD0BF</string>
				<string>840762D51D07BC8B000FD0BF</string>
			</array>
			<key>isa</key>
			<string>PBXGroup</string>
			<key>name</key>
			<string>packet</string>
			<key>path</key>
			<string>LFLiveKit/packet</string>
			<key>sourceTree</key>
			<string>SOURCE_ROOT</string>
		</dict>
		<key>840762C81D07BC8B000FD0BF</key>
		<dict>
			<key>children</key>
			<array>
				<string>840762C91D07BC8B000FD0BF</string>
				<string>840762CA1D07BC8B000FD0BF</string>
				<string>840762CB1D07BC8B000FD0BF</string>
				<string>840762CC1D07BC8B000FD0BF</string>
				<string>840762CD1D07BC8B000FD0BF</string>
				<string>840762CE1D07BC8B000FD0BF</string>
				<string>840762CF1D07BC8B000FD0BF</string>
				<string>840762D01D07BC8B000FD0BF</string>
				<string>840762D11D07BC8B000FD0BF</string>
				<string>840762D21D07BC8B000FD0BF</string>
			</array>
			<key>isa</key>
			<string>PBXGroup</string>
			<key>path</key>
			<string>flv</string>
			<key>sourceTree</key>
			<string>&lt;group&gt;</string>
		</dict>
		<key>840762C91D07BC8B000FD0BF</key>
		<dict>
			<key>fileEncoding</key>
			<string>4</string>
			<key>isa</key>
			<string>PBXFileReference</string>
			<key>lastKnownFileType</key>
			<string>sourcecode.c.c</string>
			<key>path</key>
			<string>amf.c</string>
			<key>sourceTree</key>
			<string>&lt;group&gt;</string>
		</dict>
		<key>840762CA1D07BC8B000FD0BF</key>
		<dict>
			<key>fileEncoding</key>
			<string>4</string>
			<key>isa</key>
			<string>PBXFileReference</string>
			<key>lastKnownFileType</key>
			<string>sourcecode.c.h</string>
			<key>path</key>
			<string>amf.h</string>
			<key>sourceTree</key>
			<string>&lt;group&gt;</string>
		</dict>
		<key>840762CB1D07BC8B000FD0BF</key>
		<dict>
			<key>fileEncoding</key>
			<string>4</string>
			<key>isa</key>
			<string>PBXFileReference</string>
			<key>lastKnownFileType</key>
			<string>sourcecode.c.c</string>
			<key>path</key>
			<string>avc.c</string>
			<key>sourceTree</key>
			<string>&lt;group&gt;</string>
		</dict>
		<key>840762CC1D07BC8B000FD0BF</key>
		<dict>
			<key>fileEncoding</key>
			<string>4</string>
			<key>isa</key>
			<string>PBXFileReference</string>
			<key>lastKnownFileType</key>
			<string>sourcecode.c.h</string>
			<key>path</key>
			<string>avc.h</string>
			<key>sourceTree</key>
			<string>&lt;group&gt;</string>
		</dict>
		<key>840762CD1D07BC8B000FD0BF</key>
		<dict>
			<key>fileEncoding</key>
			<string>4</string>
			<key>isa</key>
			<string>PBXFileReference</string>
			<key>lastKnownFileType</key>
			<string>sourcecode.c.c</string>
			<key>path</key>
			<string>flv.c</string>
			<key>sourceTree</key>
			<string>&lt;group&gt;</string>
		</dict>
		<key>840762CE1D07BC8B000FD0BF</key>
		<dict>
			<key>fileEncoding</key>
			<string>4</string>
			<key>isa</key>
			<string>PBXFileReference</string>
			<key>lastKnownFileType</key>
			<string>sourcecode.c.h</string>
			<key>path</key>
			<string>flv.h</string>
			<key>sourceTree</key>
			<string>&lt;group&gt;</string>
		</dict>
		<key>840762CF1D07BC8B000FD0BF</key>
		<dict>
			<key>fileEncoding</key>
			<string>4</string>
			<key>isa</key>
			<string>PBXFileReference</string>
			<key>lastKnownFileType</key>
			<string>sourcecode.c.c</string>
			<key>path</key>
			<string>info.c</string>
			<key>sourceTree</key>
			<string>&lt;group&gt;</string>
		</dict>
		<key>840762D01D07BC8B000FD0BF</key>
		<dict>
			<key>fileEncoding</key>
			<string>4</string>
			<key>isa</key>
			<string>PBXFileReference</string>
			<key>lastKnownFileType</key>
			<string>sourcecode.c.h</string>
			<key>path</key>
			<string>info.h</string>
			<key>sourceTree</key>
			<string>&lt;group&gt;</string>
		</dict>
		<key>840762D11D07BC8B000FD0BF</key>
		<dict>
			<key>fileEncoding</key>
			<string>4</string>
			<key>isa</key>
			<string>PBXFileReference</string>
			<key>lastKnownFileType</key>
			<string>sourcecode.c.c</string>
			<key>path</key>
			<string>types.c</string>
			<key>sourceTree</key>
			<string>&lt;group&gt;</string>
		</dict>
		<key>840762D21D07BC8B000FD0BF</key>
		<dict>
			<key>fileEncoding</key>
			<string>4</string>
			<key>isa</key>
			<string>PBXFileReference</string>
			<key>lastKnownFileType</key>
			<string>sourcecode.c.h</string>
			<key>path</key>
			<string>types.h</string>
			<key>sourceTree</key>
			<string>&lt;group&gt;</string>
		</dict>
		<key>840762D31D07BC8B000FD0BF</key>
		<dict>
			<key>fileEncoding</key>
			<string>4</string>
			<key>isa</key>
			<string>PBXFileReference</string>
			<key>lastKnownFileType</key>
			<string>sourcecode.c.h</string>
			<key>path</key>
			<string>LFFlvPackage.h</string>
			<key>sourceTree</key>
			<string>&lt;group&gt;</string>
		</dict>
		<key>840762D41D07BC8B000FD0BF</key>
		<dict>
			<key>fileEncoding</key>
			<string>4</string>
			<key>isa</key>
			<string>PBXFileReference</string>
			<key>lastKnownFileType</key>
			<string>sourcecode.c.objc</string>
			<key>path</key>
			<string>LFFlvPackage.m</string>
			<key>sourceTree</key>
			<string>&lt;group&gt;</string>
		</dict>
		<key>840762D51D07BC8B000FD0BF</key>
		<dict>
			<key>fileEncoding</key>
			<string>4</string>
			<key>isa</key>
			<string>PBXFileReference</string>
			<key>lastKnownFileType</key>
			<string>sourcecode.c.h</string>
			<key>path</key>
			<string>LFStreamPackage.h</string>
			<key>sourceTree</key>
			<string>&lt;group&gt;</string>
		</dict>
		<key>840762D61D07BC8B000FD0BF</key>
		<dict>
			<key>fileRef</key>
			<string>840762C91D07BC8B000FD0BF</string>
			<key>isa</key>
			<string>PBXBuildFile</string>
		</dict>
		<key>840762D71D07BC8B000FD0BF</key>
		<dict>
			<key>fileRef</key>
			<string>840762CA1D07BC8B000FD0BF</string>
			<key>isa</key>
			<string>PBXBuildFile</string>
		</dict>
		<key>840762D81D07BC8B000FD0BF</key>
		<dict>
			<key>fileRef</key>
			<string>840762CB1D07BC8B000FD0BF</string>
			<key>isa</key>
			<string>PBXBuildFile</string>
		</dict>
		<key>840762D91D07BC8B000FD0BF</key>
		<dict>
			<key>fileRef</key>
			<string>840762CC1D07BC8B000FD0BF</string>
			<key>isa</key>
			<string>PBXBuildFile</string>
		</dict>
		<key>840762DA1D07BC8B000FD0BF</key>
		<dict>
			<key>fileRef</key>
			<string>840762CD1D07BC8B000FD0BF</string>
			<key>isa</key>
			<string>PBXBuildFile</string>
		</dict>
		<key>840762DB1D07BC8B000FD0BF</key>
		<dict>
			<key>fileRef</key>
			<string>840762CE1D07BC8B000FD0BF</string>
			<key>isa</key>
			<string>PBXBuildFile</string>
		</dict>
		<key>840762DC1D07BC8B000FD0BF</key>
		<dict>
			<key>fileRef</key>
			<string>840762CF1D07BC8B000FD0BF</string>
			<key>isa</key>
			<string>PBXBuildFile</string>
		</dict>
		<key>840762DD1D07BC8B000FD0BF</key>
		<dict>
			<key>fileRef</key>
			<string>840762D01D07BC8B000FD0BF</string>
			<key>isa</key>
			<string>PBXBuildFile</string>
		</dict>
		<key>840762DE1D07BC8B000FD0BF</key>
		<dict>
			<key>fileRef</key>
			<string>840762D11D07BC8B000FD0BF</string>
			<key>isa</key>
			<string>PBXBuildFile</string>
		</dict>
		<key>840762DF1D07BC8B000FD0BF</key>
		<dict>
			<key>fileRef</key>
			<string>840762D21D07BC8B000FD0BF</string>
			<key>isa</key>
			<string>PBXBuildFile</string>
		</dict>
		<key>840762E01D07BC8B000FD0BF</key>
		<dict>
			<key>fileRef</key>
			<string>840762D31D07BC8B000FD0BF</string>
			<key>isa</key>
			<string>PBXBuildFile</string>
		</dict>
		<key>840762E11D07BC8B000FD0BF</key>
		<dict>
			<key>fileRef</key>
			<string>840762D41D07BC8B000FD0BF</string>
			<key>isa</key>
			<string>PBXBuildFile</string>
		</dict>
		<key>840762E21D07BC8B000FD0BF</key>
		<dict>
			<key>fileRef</key>
			<string>840762D51D07BC8B000FD0BF</string>
			<key>isa</key>
			<string>PBXBuildFile</string>
		</dict>
		<key>8A5D8B623E50AAC1575D1741</key>
		<dict>
			<key>buildActionMask</key>
			<string>2147483647</string>
			<key>files</key>
			<array/>
			<key>inputPaths</key>
			<array/>
			<key>isa</key>
			<string>PBXShellScriptBuildPhase</string>
			<key>name</key>
			<string>Copy Pods Resources</string>
			<key>outputPaths</key>
			<array/>
			<key>runOnlyForDeploymentPostprocessing</key>
			<string>0</string>
			<key>shellPath</key>
			<string>/bin/sh</string>
			<key>shellScript</key>
			<string>"${SRCROOT}/Pods/Target Support Files/Pods/Pods-resources.sh"
</string>
			<key>showEnvVarsInLog</key>
			<string>0</string>
		</dict>
		<key>8EE9401DCA9508E918B7FB68</key>
		<dict>
			<key>buildActionMask</key>
			<string>2147483647</string>
			<key>files</key>
			<array/>
			<key>inputPaths</key>
			<array/>
			<key>isa</key>
			<string>PBXShellScriptBuildPhase</string>
			<key>name</key>
			<string>&#128230; Check Pods Manifest.lock</string>
			<key>outputPaths</key>
			<array/>
			<key>runOnlyForDeploymentPostprocessing</key>
			<string>0</string>
			<key>shellPath</key>
			<string>/bin/sh</string>
			<key>shellScript</key>
			<string>diff "${PODS_ROOT}/../Podfile.lock" "${PODS_ROOT}/Manifest.lock" &gt; /dev/null
if [[ $? != 0 ]] ; then
    cat &lt;&lt; EOM
error: The sandbox is not in sync with the Podfile.lock. Run 'pod install' or update your CocoaPods installation.
EOM
    exit 1
fi
</string>
			<key>showEnvVarsInLog</key>
			<string>0</string>
		</dict>
		<key>98F2C3F394BD79A6D6B8424F</key>
		<dict>
			<key>buildActionMask</key>
			<string>2147483647</string>
			<key>files</key>
			<array/>
			<key>inputPaths</key>
			<array/>
			<key>isa</key>
			<string>PBXShellScriptBuildPhase</string>
			<key>name</key>
			<string>Check Pods Manifest.lock</string>
			<key>outputPaths</key>
			<array/>
			<key>runOnlyForDeploymentPostprocessing</key>
			<string>0</string>
			<key>shellPath</key>
			<string>/bin/sh</string>
			<key>shellScript</key>
			<string>diff "${PODS_ROOT}/../Podfile.lock" "${PODS_ROOT}/Manifest.lock" &gt; /dev/null
if [[ $? != 0 ]] ; then
    cat &lt;&lt; EOM
error: The sandbox is not in sync with the Podfile.lock. Run 'pod install' or update your CocoaPods installation.
EOM
    exit 1
fi
</string>
			<key>showEnvVarsInLog</key>
			<string>0</string>
		</dict>
		<key>A17586B27CD6843997425CCF</key>
		<dict>
			<key>includeInIndex</key>
			<string>1</string>
			<key>isa</key>
			<string>PBXFileReference</string>
			<key>lastKnownFileType</key>
			<string>text.xcconfig</string>
			<key>name</key>
			<string>Pods-LFLiveKit.debug.xcconfig</string>
			<key>path</key>
			<string>Pods/Target Support Files/Pods-LFLiveKit/Pods-LFLiveKit.debug.xcconfig</string>
			<key>sourceTree</key>
			<string>&lt;group&gt;</string>
		</dict>
		<key>AD7F89B4621A7EFEBEA72D49</key>
		<dict>
			<key>fileRef</key>
			<string>B8CB02D2A92EA1F5A262F154</string>
			<key>isa</key>
			<string>PBXBuildFile</string>
		</dict>
		<key>B5758EB2A15DAA132D8BF380</key>
		<dict>
			<key>explicitFileType</key>
			<string>archive.ar</string>
			<key>includeInIndex</key>
			<string>0</string>
			<key>isa</key>
			<string>PBXFileReference</string>
			<key>path</key>
			<string>libPods.a</string>
			<key>sourceTree</key>
			<string>BUILT_PRODUCTS_DIR</string>
		</dict>
		<key>B75B965E6B94DE4CBCC82EA7</key>
		<dict>
			<key>includeInIndex</key>
			<string>1</string>
			<key>isa</key>
			<string>PBXFileReference</string>
			<key>lastKnownFileType</key>
			<string>text.xcconfig</string>
			<key>name</key>
			<string>Pods-LFLiveKit.release.xcconfig</string>
			<key>path</key>
			<string>Pods/Target Support Files/Pods-LFLiveKit/Pods-LFLiveKit.release.xcconfig</string>
			<key>sourceTree</key>
			<string>&lt;group&gt;</string>
		</dict>
		<key>B8CB02D2A92EA1F5A262F154</key>
		<dict>
			<key>explicitFileType</key>
			<string>archive.ar</string>
			<key>includeInIndex</key>
			<string>0</string>
			<key>isa</key>
			<string>PBXFileReference</string>
			<key>path</key>
			<string>libPods-LFLiveKit.a</string>
			<key>sourceTree</key>
			<string>BUILT_PRODUCTS_DIR</string>
		</dict>
		<key>BE55DA79155500CDEF87FB5C</key>
		<dict>
			<key>fileRef</key>
			<string>B5758EB2A15DAA132D8BF380</string>
			<key>isa</key>
			<string>PBXBuildFile</string>
		</dict>
		<key>EDD4B76A07A6817C79BB4E5C</key>
		<dict>
			<key>children</key>
			<array>
				<string>A17586B27CD6843997425CCF</string>
				<string>B75B965E6B94DE4CBCC82EA7</string>
			</array>
			<key>isa</key>
			<string>PBXGroup</string>
			<key>name</key>
			<string>Pods</string>
			<key>sourceTree</key>
			<string>&lt;group&gt;</string>
		</dict>
	</dict>
	<key>rootObject</key>
	<string>84001F811D0015D10026C63F</string>
</dict>
</plist>
